// !$*UTF8*$!
{
	archiveVersion = 1;
	classes = {
	};
	objectVersion = 46;
	objects = {

/* Begin PBXBuildFile section */
		96DDBE6A1C4246DF00A752E6 /* AppDelegate.swift in Sources */ = {isa = PBXBuildFile; fileRef = 96DDBE691C4246DF00A752E6 /* AppDelegate.swift */; };
		96DDBE6C1C4246DF00A752E6 /* ViewController.swift in Sources */ = {isa = PBXBuildFile; fileRef = 96DDBE6B1C4246DF00A752E6 /* ViewController.swift */; };
		96DDBE6F1C4246DF00A752E6 /* Main.storyboard in Resources */ = {isa = PBXBuildFile; fileRef = 96DDBE6D1C4246DF00A752E6 /* Main.storyboard */; };
		96DDBE711C4246DF00A752E6 /* Assets.xcassets in Resources */ = {isa = PBXBuildFile; fileRef = 96DDBE701C4246DF00A752E6 /* Assets.xcassets */; };
		96DDBE741C4246DF00A752E6 /* LaunchScreen.storyboard in Resources */ = {isa = PBXBuildFile; fileRef = 96DDBE721C4246DF00A752E6 /* LaunchScreen.storyboard */; };
		96DDBE7F1C4246DF00A752E6 /* _jchc_ExtensionTests.swift in Sources */ = {isa = PBXBuildFile; fileRef = 96DDBE7E1C4246DF00A752E6 /* _jchc_ExtensionTests.swift */; };
		96DDBE8A1C4246DF00A752E6 /* _jchc_ExtensionUITests.swift in Sources */ = {isa = PBXBuildFile; fileRef = 96DDBE891C4246DF00A752E6 /* _jchc_ExtensionUITests.swift */; };
		96DDBECC1C42478100A752E6 /* WBLog.swift in Sources */ = {isa = PBXBuildFile; fileRef = 96DDBE9C1C42478100A752E6 /* WBLog.swift */; };
		96DDBECD1C42478100A752E6 /* HttpTool.m in Sources */ = {isa = PBXBuildFile; fileRef = 96DDBE9F1C42478100A752E6 /* HttpTool.m */; };
		96DDBECE1C42478100A752E6 /* Frame+Extension.swift in Sources */ = {isa = PBXBuildFile; fileRef = 96DDBEA11C42478100A752E6 /* Frame+Extension.swift */; };
		96DDBECF1C42478100A752E6 /* HMAnimatedTransitioning.swift in Sources */ = {isa = PBXBuildFile; fileRef = 96DDBEA21C42478100A752E6 /* HMAnimatedTransitioning.swift */; };
		96DDBED01C42478100A752E6 /* HMPresentationController.swift in Sources */ = {isa = PBXBuildFile; fileRef = 96DDBEA31C42478100A752E6 /* HMPresentationController.swift */; };
		96DDBED11C42478100A752E6 /* HMTransition.swift in Sources */ = {isa = PBXBuildFile; fileRef = 96DDBEA41C42478100A752E6 /* HMTransition.swift */; };
/* End PBXBuildFile section */

/* Begin PBXContainerItemProxy section */
		96DDBE7B1C4246DF00A752E6 /* PBXContainerItemProxy */ = {
			isa = PBXContainerItemProxy;
			containerPortal = 96DDBE5E1C4246DF00A752E6 /* Project object */;
			proxyType = 1;
			remoteGlobalIDString = 96DDBE651C4246DF00A752E6;
			remoteInfo = "4jchc-Extension";
		};
		96DDBE861C4246DF00A752E6 /* PBXContainerItemProxy */ = {
			isa = PBXContainerItemProxy;
			containerPortal = 96DDBE5E1C4246DF00A752E6 /* Project object */;
			proxyType = 1;
			remoteGlobalIDString = 96DDBE651C4246DF00A752E6;
			remoteInfo = "4jchc-Extension";
		};
/* End PBXContainerItemProxy section */

/* Begin PBXFileReference section */
		96DDBE661C4246DF00A752E6 /* 4jchc-Extension.app */ = {isa = PBXFileReference; explicitFileType = wrapper.application; includeInIndex = 0; path = "4jchc-Extension.app"; sourceTree = BUILT_PRODUCTS_DIR; };
		96DDBE691C4246DF00A752E6 /* AppDelegate.swift */ = {isa = PBXFileReference; lastKnownFileType = sourcecode.swift; path = AppDelegate.swift; sourceTree = "<group>"; };
		96DDBE6B1C4246DF00A752E6 /* ViewController.swift */ = {isa = PBXFileReference; lastKnownFileType = sourcecode.swift; path = ViewController.swift; sourceTree = "<group>"; };
		96DDBE6E1C4246DF00A752E6 /* Base */ = {isa = PBXFileReference; lastKnownFileType = file.storyboard; name = Base; path = Base.lproj/Main.storyboard; sourceTree = "<group>"; };
		96DDBE701C4246DF00A752E6 /* Assets.xcassets */ = {isa = PBXFileReference; lastKnownFileType = folder.assetcatalog; path = Assets.xcassets; sourceTree = "<group>"; };
		96DDBE731C4246DF00A752E6 /* Base */ = {isa = PBXFileReference; lastKnownFileType = file.storyboard; name = Base; path = Base.lproj/LaunchScreen.storyboard; sourceTree = "<group>"; };
		96DDBE751C4246DF00A752E6 /* Info.plist */ = {isa = PBXFileReference; lastKnownFileType = text.plist.xml; path = Info.plist; sourceTree = "<group>"; };
		96DDBE7A1C4246DF00A752E6 /* 4jchc-ExtensionTests.xctest */ = {isa = PBXFileReference; explicitFileType = wrapper.cfbundle; includeInIndex = 0; path = "4jchc-ExtensionTests.xctest"; sourceTree = BUILT_PRODUCTS_DIR; };
		96DDBE7E1C4246DF00A752E6 /* _jchc_ExtensionTests.swift */ = {isa = PBXFileReference; lastKnownFileType = sourcecode.swift; path = _jchc_ExtensionTests.swift; sourceTree = "<group>"; };
		96DDBE801C4246DF00A752E6 /* Info.plist */ = {isa = PBXFileReference; lastKnownFileType = text.plist.xml; path = Info.plist; sourceTree = "<group>"; };
		96DDBE851C4246DF00A752E6 /* 4jchc-ExtensionUITests.xctest */ = {isa = PBXFileReference; explicitFileType = wrapper.cfbundle; includeInIndex = 0; path = "4jchc-ExtensionUITests.xctest"; sourceTree = BUILT_PRODUCTS_DIR; };
		96DDBE891C4246DF00A752E6 /* _jchc_ExtensionUITests.swift */ = {isa = PBXFileReference; lastKnownFileType = sourcecode.swift; path = _jchc_ExtensionUITests.swift; sourceTree = "<group>"; };
		96DDBE8B1C4246DF00A752E6 /* Info.plist */ = {isa = PBXFileReference; lastKnownFileType = text.plist.xml; path = Info.plist; sourceTree = "<group>"; };
		96DDBE9C1C42478100A752E6 /* WBLog.swift */ = {isa = PBXFileReference; fileEncoding = 4; lastKnownFileType = sourcecode.swift; path = WBLog.swift; sourceTree = "<group>"; };
		96DDBE9E1C42478100A752E6 /* HttpTool.h */ = {isa = PBXFileReference; fileEncoding = 4; lastKnownFileType = sourcecode.c.h; path = HttpTool.h; sourceTree = "<group>"; };
		96DDBE9F1C42478100A752E6 /* HttpTool.m */ = {isa = PBXFileReference; fileEncoding = 4; lastKnownFileType = sourcecode.c.objc; path = HttpTool.m; sourceTree = "<group>"; };
		96DDBEA11C42478100A752E6 /* Frame+Extension.swift */ = {isa = PBXFileReference; fileEncoding = 4; lastKnownFileType = sourcecode.swift; path = "Frame+Extension.swift"; sourceTree = "<group>"; };
		96DDBEA21C42478100A752E6 /* HMAnimatedTransitioning.swift */ = {isa = PBXFileReference; fileEncoding = 4; lastKnownFileType = sourcecode.swift; path = HMAnimatedTransitioning.swift; sourceTree = "<group>"; };
		96DDBEA31C42478100A752E6 /* HMPresentationController.swift */ = {isa = PBXFileReference; fileEncoding = 4; lastKnownFileType = sourcecode.swift; path = HMPresentationController.swift; sourceTree = "<group>"; };
		96DDBEA41C42478100A752E6 /* HMTransition.swift */ = {isa = PBXFileReference; fileEncoding = 4; lastKnownFileType = sourcecode.swift; path = HMTransition.swift; sourceTree = "<group>"; };
/* End PBXFileReference section */

/* Begin PBXFrameworksBuildPhase section */
		96DDBE631C4246DF00A752E6 /* Frameworks */ = {
			isa = PBXFrameworksBuildPhase;
			buildActionMask = 2147483647;
			files = (
			);
			runOnlyForDeploymentPostprocessing = 0;
		};
		96DDBE771C4246DF00A752E6 /* Frameworks */ = {
			isa = PBXFrameworksBuildPhase;
			buildActionMask = 2147483647;
			files = (
			);
			runOnlyForDeploymentPostprocessing = 0;
		};
		96DDBE821C4246DF00A752E6 /* Frameworks */ = {
			isa = PBXFrameworksBuildPhase;
			buildActionMask = 2147483647;
			files = (
			);
			runOnlyForDeploymentPostprocessing = 0;
		};
/* End PBXFrameworksBuildPhase section */

/* Begin PBXGroup section */
		96DDBE5D1C4246DF00A752E6 = {
			isa = PBXGroup;
			children = (
				96DDBE681C4246DF00A752E6 /* 4jchc-Extension */,
				96DDBE7D1C4246DF00A752E6 /* 4jchc-ExtensionTests */,
				96DDBE881C4246DF00A752E6 /* 4jchc-ExtensionUITests */,
				96DDBE671C4246DF00A752E6 /* Products */,
			);
			sourceTree = "<group>";
		};
		96DDBE671C4246DF00A752E6 /* Products */ = {
			isa = PBXGroup;
			children = (
				96DDBE661C4246DF00A752E6 /* 4jchc-Extension.app */,
				96DDBE7A1C4246DF00A752E6 /* 4jchc-ExtensionTests.xctest */,
				96DDBE851C4246DF00A752E6 /* 4jchc-ExtensionUITests.xctest */,
			);
			name = Products;
			sourceTree = "<group>";
		};
		96DDBE681C4246DF00A752E6 /* 4jchc-Extension */ = {
			isa = PBXGroup;
			children = (
				96DDBE9B1C42478100A752E6 /* Custom【扩展延伸】 */,
				96DDBE691C4246DF00A752E6 /* AppDelegate.swift */,
				96DDBE6B1C4246DF00A752E6 /* ViewController.swift */,
				96DDBE6D1C4246DF00A752E6 /* Main.storyboard */,
				96DDBE701C4246DF00A752E6 /* Assets.xcassets */,
				96DDBE721C4246DF00A752E6 /* LaunchScreen.storyboard */,
				96DDBE751C4246DF00A752E6 /* Info.plist */,
			);
			path = "4jchc-Extension";
			sourceTree = "<group>";
		};
		96DDBE7D1C4246DF00A752E6 /* 4jchc-ExtensionTests */ = {
			isa = PBXGroup;
			children = (
				96DDBE7E1C4246DF00A752E6 /* _jchc_ExtensionTests.swift */,
				96DDBE801C4246DF00A752E6 /* Info.plist */,
			);
			path = "4jchc-ExtensionTests";
			sourceTree = "<group>";
		};
		96DDBE881C4246DF00A752E6 /* 4jchc-ExtensionUITests */ = {
			isa = PBXGroup;
			children = (
				96DDBE891C4246DF00A752E6 /* _jchc_ExtensionUITests.swift */,
				96DDBE8B1C4246DF00A752E6 /* Info.plist */,
			);
			path = "4jchc-ExtensionUITests";
			sourceTree = "<group>";
		};
		96DDBE9B1C42478100A752E6 /* Custom【扩展延伸】 */ = {
			isa = PBXGroup;
			children = (
				96DDBE9C1C42478100A752E6 /* WBLog.swift */,
				96DDBE9D1C42478100A752E6 /* 文件上传下载工具抽取 */,
				96DDBEA01C42478100A752E6 /* 自定义Modal动画 */,
			);
			path = "Custom【扩展延伸】";
			sourceTree = "<group>";
		};
		96DDBE9D1C42478100A752E6 /* 文件上传下载工具抽取 */ = {
			isa = PBXGroup;
			children = (
				96DDBE9E1C42478100A752E6 /* HttpTool.h */,
				96DDBE9F1C42478100A752E6 /* HttpTool.m */,
			);
			path = "文件上传下载工具抽取";
			sourceTree = "<group>";
		};
		96DDBEA01C42478100A752E6 /* 自定义Modal动画 */ = {
			isa = PBXGroup;
			children = (
				96DDBEA11C42478100A752E6 /* Frame+Extension.swift */,
				96DDBEA21C42478100A752E6 /* HMAnimatedTransitioning.swift */,
				96DDBEA31C42478100A752E6 /* HMPresentationController.swift */,
				96DDBEA41C42478100A752E6 /* HMTransition.swift */,
			);
			path = "自定义Modal动画";
			sourceTree = "<group>";
		};
/* End PBXGroup section */

/* Begin PBXNativeTarget section */
		96DDBE651C4246DF00A752E6 /* 4jchc-Extension */ = {
			isa = PBXNativeTarget;
			buildConfigurationList = 96DDBE8E1C4246DF00A752E6 /* Build configuration list for PBXNativeTarget "4jchc-Extension" */;
			buildPhases = (
				96DDBE621C4246DF00A752E6 /* Sources */,
				96DDBE631C4246DF00A752E6 /* Frameworks */,
				96DDBE641C4246DF00A752E6 /* Resources */,
			);
			buildRules = (
			);
			dependencies = (
			);
			name = "4jchc-Extension";
			productName = "4jchc-Extension";
			productReference = 96DDBE661C4246DF00A752E6 /* 4jchc-Extension.app */;
			productType = "com.apple.product-type.application";
		};
		96DDBE791C4246DF00A752E6 /* 4jchc-ExtensionTests */ = {
			isa = PBXNativeTarget;
			buildConfigurationList = 96DDBE911C4246DF00A752E6 /* Build configuration list for PBXNativeTarget "4jchc-ExtensionTests" */;
			buildPhases = (
				96DDBE761C4246DF00A752E6 /* Sources */,
				96DDBE771C4246DF00A752E6 /* Frameworks */,
				96DDBE781C4246DF00A752E6 /* Resources */,
			);
			buildRules = (
			);
			dependencies = (
				96DDBE7C1C4246DF00A752E6 /* PBXTargetDependency */,
			);
			name = "4jchc-ExtensionTests";
			productName = "4jchc-ExtensionTests";
			productReference = 96DDBE7A1C4246DF00A752E6 /* 4jchc-ExtensionTests.xctest */;
			productType = "com.apple.product-type.bundle.unit-test";
		};
		96DDBE841C4246DF00A752E6 /* 4jchc-ExtensionUITests */ = {
			isa = PBXNativeTarget;
			buildConfigurationList = 96DDBE941C4246DF00A752E6 /* Build configuration list for PBXNativeTarget "4jchc-ExtensionUITests" */;
			buildPhases = (
				96DDBE811C4246DF00A752E6 /* Sources */,
				96DDBE821C4246DF00A752E6 /* Frameworks */,
				96DDBE831C4246DF00A752E6 /* Resources */,
			);
			buildRules = (
			);
			dependencies = (
				96DDBE871C4246DF00A752E6 /* PBXTargetDependency */,
			);
			name = "4jchc-ExtensionUITests";
			productName = "4jchc-ExtensionUITests";
			productReference = 96DDBE851C4246DF00A752E6 /* 4jchc-ExtensionUITests.xctest */;
			productType = "com.apple.product-type.bundle.ui-testing";
		};
/* End PBXNativeTarget section */

/* Begin PBXProject section */
		96DDBE5E1C4246DF00A752E6 /* Project object */ = {
			isa = PBXProject;
			attributes = {
				LastSwiftUpdateCheck = 0720;
				LastUpgradeCheck = 0720;
				ORGANIZATIONNAME = sijichcai;
				TargetAttributes = {
					96DDBE651C4246DF00A752E6 = {
						CreatedOnToolsVersion = 7.2;
					};
					96DDBE791C4246DF00A752E6 = {
						CreatedOnToolsVersion = 7.2;
						TestTargetID = 96DDBE651C4246DF00A752E6;
					};
					96DDBE841C4246DF00A752E6 = {
						CreatedOnToolsVersion = 7.2;
						TestTargetID = 96DDBE651C4246DF00A752E6;
					};
				};
			};
			buildConfigurationList = 96DDBE611C4246DF00A752E6 /* Build configuration list for PBXProject "4jchc-Extension" */;
			compatibilityVersion = "Xcode 3.2";
			developmentRegion = English;
			hasScannedForEncodings = 0;
			knownRegions = (
				en,
				Base,
			);
			mainGroup = 96DDBE5D1C4246DF00A752E6;
			productRefGroup = 96DDBE671C4246DF00A752E6 /* Products */;
			projectDirPath = "";
			projectRoot = "";
			targets = (
				96DDBE651C4246DF00A752E6 /* 4jchc-Extension */,
				96DDBE791C4246DF00A752E6 /* 4jchc-ExtensionTests */,
				96DDBE841C4246DF00A752E6 /* 4jchc-ExtensionUITests */,
			);
		};
/* End PBXProject section */

/* Begin PBXResourcesBuildPhase section */
		96DDBE641C4246DF00A752E6 /* Resources */ = {
			isa = PBXResourcesBuildPhase;
			buildActionMask = 2147483647;
			files = (
				96DDBE741C4246DF00A752E6 /* LaunchScreen.storyboard in Resources */,
				96DDBE711C4246DF00A752E6 /* Assets.xcassets in Resources */,
				96DDBE6F1C4246DF00A752E6 /* Main.storyboard in Resources */,
			);
			runOnlyForDeploymentPostprocessing = 0;
		};
		96DDBE781C4246DF00A752E6 /* Resources */ = {
			isa = PBXResourcesBuildPhase;
			buildActionMask = 2147483647;
			files = (
			);
			runOnlyForDeploymentPostprocessing = 0;
		};
		96DDBE831C4246DF00A752E6 /* Resources */ = {
			isa = PBXResourcesBuildPhase;
			buildActionMask = 2147483647;
			files = (
			);
			runOnlyForDeploymentPostprocessing = 0;
		};
/* End PBXResourcesBuildPhase section */

/* Begin PBXSourcesBuildPhase section */
		96DDBE621C4246DF00A752E6 /* Sources */ = {
			isa = PBXSourcesBuildPhase;
			buildActionMask = 2147483647;
			files = (
				96DDBECE1C42478100A752E6 /* Frame+Extension.swift in Sources */,
				96DDBE6C1C4246DF00A752E6 /* ViewController.swift in Sources */,
				96DDBECC1C42478100A752E6 /* WBLog.swift in Sources */,
				96DDBE6A1C4246DF00A752E6 /* AppDelegate.swift in Sources */,
				96DDBED01C42478100A752E6 /* HMPresentationController.swift in Sources */,
				96DDBED11C42478100A752E6 /* HMTransition.swift in Sources */,
				96DDBECD1C42478100A752E6 /* HttpTool.m in Sources */,
				96DDBECF1C42478100A752E6 /* HMAnimatedTransitioning.swift in Sources */,
			);
			runOnlyForDeploymentPostprocessing = 0;
		};
		96DDBE761C4246DF00A752E6 /* Sources */ = {
			isa = PBXSourcesBuildPhase;
			buildActionMask = 2147483647;
			files = (
				96DDBE7F1C4246DF00A752E6 /* _jchc_ExtensionTests.swift in Sources */,
			);
			runOnlyForDeploymentPostprocessing = 0;
		};
		96DDBE811C4246DF00A752E6 /* Sources */ = {
			isa = PBXSourcesBuildPhase;
			buildActionMask = 2147483647;
			files = (
				96DDBE8A1C4246DF00A752E6 /* _jchc_ExtensionUITests.swift in Sources */,
			);
			runOnlyForDeploymentPostprocessing = 0;
		};
/* End PBXSourcesBuildPhase section */

/* Begin PBXTargetDependency section */
		96DDBE7C1C4246DF00A752E6 /* PBXTargetDependency */ = {
			isa = PBXTargetDependency;
			target = 96DDBE651C4246DF00A752E6 /* 4jchc-Extension */;
			targetProxy = 96DDBE7B1C4246DF00A752E6 /* PBXContainerItemProxy */;
		};
		96DDBE871C4246DF00A752E6 /* PBXTargetDependency */ = {
			isa = PBXTargetDependency;
			target = 96DDBE651C4246DF00A752E6 /* 4jchc-Extension */;
			targetProxy = 96DDBE861C4246DF00A752E6 /* PBXContainerItemProxy */;
		};
/* End PBXTargetDependency section */

/* Begin PBXVariantGroup section */
		96DDBE6D1C4246DF00A752E6 /* Main.storyboard */ = {
			isa = PBXVariantGroup;
			children = (
				96DDBE6E1C4246DF00A752E6 /* Base */,
			);
			name = Main.storyboard;
			sourceTree = "<group>";
		};
		96DDBE721C4246DF00A752E6 /* LaunchScreen.storyboard */ = {
			isa = PBXVariantGroup;
			children = (
				96DDBE731C4246DF00A752E6 /* Base */,
			);
			name = LaunchScreen.storyboard;
			sourceTree = "<group>";
		};
/* End PBXVariantGroup section */

/* Begin XCBuildConfiguration section */
		96DDBE8C1C4246DF00A752E6 /* Debug */ = {
			isa = XCBuildConfiguration;
			buildSettings = {
				ALWAYS_SEARCH_USER_PATHS = NO;
				CLANG_CXX_LANGUAGE_STANDARD = "gnu++0x";
				CLANG_CXX_LIBRARY = "libc++";
				CLANG_ENABLE_MODULES = YES;
				CLANG_ENABLE_OBJC_ARC = YES;
				CLANG_WARN_BOOL_CONVERSION = YES;
				CLANG_WARN_CONSTANT_CONVERSION = YES;
				CLANG_WARN_DIRECT_OBJC_ISA_USAGE = YES_ERROR;
				CLANG_WARN_EMPTY_BODY = YES;
				CLANG_WARN_ENUM_CONVERSION = YES;
				CLANG_WARN_INT_CONVERSION = YES;
				CLANG_WARN_OBJC_ROOT_CLASS = YES_ERROR;
				CLANG_WARN_UNREACHABLE_CODE = YES;
				CLANG_WARN__DUPLICATE_METHOD_MATCH = YES;
				"CODE_SIGN_IDENTITY[sdk=iphoneos*]" = "iPhone Developer";
				COPY_PHASE_STRIP = NO;
				DEBUG_INFORMATION_FORMAT = dwarf;
				ENABLE_STRICT_OBJC_MSGSEND = YES;
				ENABLE_TESTABILITY = YES;
				GCC_C_LANGUAGE_STANDARD = gnu99;
				GCC_DYNAMIC_NO_PIC = NO;
				GCC_NO_COMMON_BLOCKS = YES;
				GCC_OPTIMIZATION_LEVEL = 0;
				GCC_PREPROCESSOR_DEFINITIONS = (
					"DEBUG=1",
					"$(inherited)",
				);
				GCC_WARN_64_TO_32_BIT_CONVERSION = YES;
				GCC_WARN_ABOUT_RETURN_TYPE = YES_ERROR;
				GCC_WARN_UNDECLARED_SELECTOR = YES;
				GCC_WARN_UNINITIALIZED_AUTOS = YES_AGGRESSIVE;
				GCC_WARN_UNUSED_FUNCTION = YES;
				GCC_WARN_UNUSED_VARIABLE = YES;
				IPHONEOS_DEPLOYMENT_TARGET = 9.2;
				MTL_ENABLE_DEBUG_INFO = YES;
				ONLY_ACTIVE_ARCH = YES;
				SDKROOT = iphoneos;
				SWIFT_OPTIMIZATION_LEVEL = "-Onone";
				TARGETED_DEVICE_FAMILY = "1,2";
			};
			name = Debug;
		};
		96DDBE8D1C4246DF00A752E6 /* Release */ = {
			isa = XCBuildConfiguration;
			buildSettings = {
				ALWAYS_SEARCH_USER_PATHS = NO;
				CLANG_CXX_LANGUAGE_STANDARD = "gnu++0x";
				CLANG_CXX_LIBRARY = "libc++";
				CLANG_ENABLE_MODULES = YES;
				CLANG_ENABLE_OBJC_ARC = YES;
				CLANG_WARN_BOOL_CONVERSION = YES;
				CLANG_WARN_CONSTANT_CONVERSION = YES;
				CLANG_WARN_DIRECT_OBJC_ISA_USAGE = YES_ERROR;
				CLANG_WARN_EMPTY_BODY = YES;
				CLANG_WARN_ENUM_CONVERSION = YES;
				CLANG_WARN_INT_CONVERSION = YES;
				CLANG_WARN_OBJC_ROOT_CLASS = YES_ERROR;
				CLANG_WARN_UNREACHABLE_CODE = YES;
				CLANG_WARN__DUPLICATE_METHOD_MATCH = YES;
				"CODE_SIGN_IDENTITY[sdk=iphoneos*]" = "iPhone Developer";
				COPY_PHASE_STRIP = NO;
				DEBUG_INFORMATION_FORMAT = "dwarf-with-dsym";
				ENABLE_NS_ASSERTIONS = NO;
				ENABLE_STRICT_OBJC_MSGSEND = YES;
				GCC_C_LANGUAGE_STANDARD = gnu99;
				GCC_NO_COMMON_BLOCKS = YES;
				GCC_WARN_64_TO_32_BIT_CONVERSION = YES;
				GCC_WARN_ABOUT_RETURN_TYPE = YES_ERROR;
				GCC_WARN_UNDECLARED_SELECTOR = YES;
				GCC_WARN_UNINITIALIZED_AUTOS = YES_AGGRESSIVE;
				GCC_WARN_UNUSED_FUNCTION = YES;
				GCC_WARN_UNUSED_VARIABLE = YES;
				IPHONEOS_DEPLOYMENT_TARGET = 9.2;
				MTL_ENABLE_DEBUG_INFO = NO;
				SDKROOT = iphoneos;
				TARGETED_DEVICE_FAMILY = "1,2";
				VALIDATE_PRODUCT = YES;
			};
			name = Release;
		};
		96DDBE8F1C4246DF00A752E6 /* Debug */ = {
			isa = XCBuildConfiguration;
			buildSettings = {
				ASSETCATALOG_COMPILER_APPICON_NAME = AppIcon;
				INFOPLIST_FILE = "4jchc-Extension/Info.plist";
				IPHONEOS_DEPLOYMENT_TARGET = 9.0;
				LD_RUNPATH_SEARCH_PATHS = "$(inherited) @executable_path/Frameworks";
				PRODUCT_BUNDLE_IDENTIFIER = "swift.-jchc-Extension";
				PRODUCT_NAME = "$(TARGET_NAME)";
			};
			name = Debug;
		};
		96DDBE901C4246DF00A752E6 /* Release */ = {
			isa = XCBuildConfiguration;
			buildSettings = {
				ASSETCATALOG_COMPILER_APPICON_NAME = AppIcon;
				INFOPLIST_FILE = "4jchc-Extension/Info.plist";
				IPHONEOS_DEPLOYMENT_TARGET = 9.0;
				LD_RUNPATH_SEARCH_PATHS = "$(inherited) @executable_path/Frameworks";
				PRODUCT_BUNDLE_IDENTIFIER = "swift.-jchc-Extension";
				PRODUCT_NAME = "$(TARGET_NAME)";
			};
			name = Release;
		};
		96DDBE921C4246DF00A752E6 /* Debug */ = {
			isa = XCBuildConfiguration;
			buildSettings = {
				BUNDLE_LOADER = "$(TEST_HOST)";
				INFOPLIST_FILE = "4jchc-ExtensionTests/Info.plist";
				LD_RUNPATH_SEARCH_PATHS = "$(inherited) @executable_path/Frameworks @loader_path/Frameworks";
				PRODUCT_BUNDLE_IDENTIFIER = "swift.-jchc-ExtensionTests";
				PRODUCT_NAME = "$(TARGET_NAME)";
				TEST_HOST = "$(BUILT_PRODUCTS_DIR)/4jchc-Extension.app/4jchc-Extension";
			};
			name = Debug;
		};
		96DDBE931C4246DF00A752E6 /* Release */ = {
			isa = XCBuildConfiguration;
			buildSettings = {
				BUNDLE_LOADER = "$(TEST_HOST)";
				INFOPLIST_FILE = "4jchc-ExtensionTests/Info.plist";
				LD_RUNPATH_SEARCH_PATHS = "$(inherited) @executable_path/Frameworks @loader_path/Frameworks";
				PRODUCT_BUNDLE_IDENTIFIER = "swift.-jchc-ExtensionTests";
				PRODUCT_NAME = "$(TARGET_NAME)";
				TEST_HOST = "$(BUILT_PRODUCTS_DIR)/4jchc-Extension.app/4jchc-Extension";
			};
			name = Release;
		};
		96DDBE951C4246DF00A752E6 /* Debug */ = {
			isa = XCBuildConfiguration;
			buildSettings = {
				INFOPLIST_FILE = "4jchc-ExtensionUITests/Info.plist";
				LD_RUNPATH_SEARCH_PATHS = "$(inherited) @executable_path/Frameworks @loader_path/Frameworks";
				PRODUCT_BUNDLE_IDENTIFIER = "swift.-jchc-ExtensionUITests";
				PRODUCT_NAME = "$(TARGET_NAME)";
				TEST_TARGET_NAME = "4jchc-Extension";
				USES_XCTRUNNER = YES;
			};
			name = Debug;
		};
		96DDBE961C4246DF00A752E6 /* Release */ = {
			isa = XCBuildConfiguration;
			buildSettings = {
				INFOPLIST_FILE = "4jchc-ExtensionUITests/Info.plist";
				LD_RUNPATH_SEARCH_PATHS = "$(inherited) @executable_path/Frameworks @loader_path/Frameworks";
				PRODUCT_BUNDLE_IDENTIFIER = "swift.-jchc-ExtensionUITests";
				PRODUCT_NAME = "$(TARGET_NAME)";
				TEST_TARGET_NAME = "4jchc-Extension";
				USES_XCTRUNNER = YES;
			};
			name = Release;
		};
/* End XCBuildConfiguration section */

/* Begin XCConfigurationList section */
		96DDBE611C4246DF00A752E6 /* Build configuration list for PBXProject "4jchc-Extension" */ = {
			isa = XCConfigurationList;
			buildConfigurations = (
				96DDBE8C1C4246DF00A752E6 /* Debug */,
				96DDBE8D1C4246DF00A752E6 /* Release */,
			);
			defaultConfigurationIsVisible = 0;
			defaultConfigurationName = Release;
		};
		96DDBE8E1C4246DF00A752E6 /* Build configuration list for PBXNativeTarget "4jchc-Extension" */ = {
			isa = XCConfigurationList;
			buildConfigurations = (
				96DDBE8F1C4246DF00A752E6 /* Debug */,
				96DDBE901C4246DF00A752E6 /* Release */,
			);
			defaultConfigurationIsVisible = 0;
			defaultConfigurationName = Release;
		};
		96DDBE911C4246DF00A752E6 /* Build configuration list for PBXNativeTarget "4jchc-ExtensionTests" */ = {
			isa = XCConfigurationList;
			buildConfigurations = (
				96DDBE921C4246DF00A752E6 /* Debug */,
				96DDBE931C4246DF00A752E6 /* Release */,
			);
			defaultConfigurationIsVisible = 0;
			defaultConfigurationName = Release;
		};
		96DDBE941C4246DF00A752E6 /* Build configuration list for PBXNativeTarget "4jchc-ExtensionUITests" */ = {
			isa = XCConfigurationList;
			buildConfigurations = (
				96DDBE951C4246DF00A752E6 /* Debug */,
				96DDBE961C4246DF00A752E6 /* Release */,
			);
			defaultConfigurationIsVisible = 0;
			defaultConfigurationName = Release;
		};
/* End XCConfigurationList section */
	};
	rootObject = 96DDBE5E1C4246DF00A752E6 /* Project object */;
}
