// !$*UTF8*$!
{
	archiveVersion = 1;
	classes = {
	};
	objectVersion = 46;
	objects = {

/* Begin PBXBuildFile section */
		960FCF6A1C67320100997732 /* UICollectionView+Extension.swift in Sources */ = {isa = PBXBuildFile; fileRef = 960FCF691C67320100997732 /* UICollectionView+Extension.swift */; };
		962F78A51C6F385A00EE6B83 /* HMSearchBar.swift in Sources */ = {isa = PBXBuildFile; fileRef = 962F78A41C6F385A00EE6B83 /* HMSearchBar.swift */; };
		9657FE3D1C52354500EB1D1B /* SpriteKit+临时代码段.swift in Sources */ = {isa = PBXBuildFile; fileRef = 9657FE3C1C52354500EB1D1B /* SpriteKit+临时代码段.swift */; };
		965947141C5CFFE000BE4617 /* CGGeometry几何类方法总结.swift in Sources */ = {isa = PBXBuildFile; fileRef = 965947131C5CFFE000BE4617 /* CGGeometry几何类方法总结.swift */; };
		96624F2E1C5C841A00E673B5 /* CALayer.swift in Sources */ = {isa = PBXBuildFile; fileRef = 96624F2D1C5C841A00E673B5 /* CALayer.swift */; };
		966A73A51C6AFBA500017907 /* UIScrollViewDelegate.swift in Sources */ = {isa = PBXBuildFile; fileRef = 966A73A41C6AFBA500017907 /* UIScrollViewDelegate.swift */; };
		966E2F6B1C6DAA89009B36A6 /* NSIndexPath+Extension.swift in Sources */ = {isa = PBXBuildFile; fileRef = 966E2F6A1C6DAA89009B36A6 /* NSIndexPath+Extension.swift */; };
		9676E7D51C4685B20003E61E /* Gcd.swift in Sources */ = {isa = PBXBuildFile; fileRef = 9676E7D41C4685B20003E61E /* Gcd.swift */; };
		9686503F1C4C910F00A8D995 /* SKSpriteNode+Extension.swift in Sources */ = {isa = PBXBuildFile; fileRef = 9686503E1C4C910F00A8D995 /* SKSpriteNode+Extension.swift */; };
		968650411C4C9AC100A8D995 /* NSError+Extension.swift in Sources */ = {isa = PBXBuildFile; fileRef = 968650401C4C9AC100A8D995 /* NSError+Extension.swift */; };
		968650A21C4CB91800A8D995 /* 常量.swift in Sources */ = {isa = PBXBuildFile; fileRef = 968650A11C4CB91800A8D995 /* 常量.swift */; };
		968650A51C4CCB1900A8D995 /* SKTextureAtlas+Extension.swift in Sources */ = {isa = PBXBuildFile; fileRef = 968650A41C4CCB1900A8D995 /* SKTextureAtlas+Extension.swift */; };
		968650AF1C4D32BE00A8D995 /* NSArray+Extension.swift in Sources */ = {isa = PBXBuildFile; fileRef = 968650AE1C4D32BE00A8D995 /* NSArray+Extension.swift */; };
		96B7AA911C7EC958007AC158 /* 第三方框架总结.swift in Sources */ = {isa = PBXBuildFile; fileRef = 96B7AA901C7EC958007AC158 /* 第三方框架总结.swift */; };
		96B9D17C1C5B41A40037F52B /* Animation.swift in Sources */ = {isa = PBXBuildFile; fileRef = 96B9D17B1C5B41A40037F52B /* Animation.swift */; };
		96C001BD1C72C41B0014F47D /* UINavigationController.swift in Sources */ = {isa = PBXBuildFile; fileRef = 96C001BC1C72C41B0014F47D /* UINavigationController.swift */; };
		96C001BF1C72D3ED0014F47D /* XMGTabBar.swift in Sources */ = {isa = PBXBuildFile; fileRef = 96C001BE1C72D3ED0014F47D /* XMGTabBar.swift */; };
		96C001C11C72D4560014F47D /* XMGTabBarController.swift in Sources */ = {isa = PBXBuildFile; fileRef = 96C001C01C72D4560014F47D /* XMGTabBarController.swift */; };
		96C7B8181C5B0C57000A176C /* TitleButton.swift in Sources */ = {isa = PBXBuildFile; fileRef = 96C7B8171C5B0C57000A176C /* TitleButton.swift */; };
		96C7B81F1C5B223F000A176C /* PopoverPresentationController.swift in Sources */ = {isa = PBXBuildFile; fileRef = 96C7B81E1C5B223F000A176C /* PopoverPresentationController.swift */; };
		96DDBE6A1C4246DF00A752E6 /* AppDelegate.swift in Sources */ = {isa = PBXBuildFile; fileRef = 96DDBE691C4246DF00A752E6 /* AppDelegate.swift */; };
		96DDBE6C1C4246DF00A752E6 /* ViewController.swift in Sources */ = {isa = PBXBuildFile; fileRef = 96DDBE6B1C4246DF00A752E6 /* ViewController.swift */; };
		96DDBE6F1C4246DF00A752E6 /* Main.storyboard in Resources */ = {isa = PBXBuildFile; fileRef = 96DDBE6D1C4246DF00A752E6 /* Main.storyboard */; };
		96DDBE711C4246DF00A752E6 /* Assets.xcassets in Resources */ = {isa = PBXBuildFile; fileRef = 96DDBE701C4246DF00A752E6 /* Assets.xcassets */; };
		96DDBE741C4246DF00A752E6 /* LaunchScreen.storyboard in Resources */ = {isa = PBXBuildFile; fileRef = 96DDBE721C4246DF00A752E6 /* LaunchScreen.storyboard */; };
		96DDBE7F1C4246DF00A752E6 /* _jchc_ExtensionTests.swift in Sources */ = {isa = PBXBuildFile; fileRef = 96DDBE7E1C4246DF00A752E6 /* _jchc_ExtensionTests.swift */; };
		96DDBE8A1C4246DF00A752E6 /* _jchc_ExtensionUITests.swift in Sources */ = {isa = PBXBuildFile; fileRef = 96DDBE891C4246DF00A752E6 /* _jchc_ExtensionUITests.swift */; };
		96DDBECD1C42478100A752E6 /* HttpTool.m in Sources */ = {isa = PBXBuildFile; fileRef = 96DDBE9F1C42478100A752E6 /* HttpTool.m */; };
		96DDBECF1C42478100A752E6 /* HMAnimatedTransitioning.swift in Sources */ = {isa = PBXBuildFile; fileRef = 96DDBEA21C42478100A752E6 /* HMAnimatedTransitioning.swift */; };
		96DDBED01C42478100A752E6 /* HMPresentationController.swift in Sources */ = {isa = PBXBuildFile; fileRef = 96DDBEA31C42478100A752E6 /* HMPresentationController.swift */; };
		96DDBED11C42478100A752E6 /* HMTransition.swift in Sources */ = {isa = PBXBuildFile; fileRef = 96DDBEA41C42478100A752E6 /* HMTransition.swift */; };
		96E19B3F1C4B9B0E00EDEC6C /* Array +Extension.swift in Sources */ = {isa = PBXBuildFile; fileRef = 96E19B081C4B9B0E00EDEC6C /* Array +Extension.swift */; };
		96E19B401C4B9B0E00EDEC6C /* ColorType.swift in Sources */ = {isa = PBXBuildFile; fileRef = 96E19B091C4B9B0E00EDEC6C /* ColorType.swift */; };
		96E19B411C4B9B0E00EDEC6C /* Dictionary +Extension.swift in Sources */ = {isa = PBXBuildFile; fileRef = 96E19B0A1C4B9B0E00EDEC6C /* Dictionary +Extension.swift */; };
		96E19B421C4B9B0E00EDEC6C /* Double+Extension.swift in Sources */ = {isa = PBXBuildFile; fileRef = 96E19B0B1C4B9B0E00EDEC6C /* Double+Extension.swift */; };
		96E19B431C4B9B0E00EDEC6C /* Foundation.swift in Sources */ = {isa = PBXBuildFile; fileRef = 96E19B0C1C4B9B0E00EDEC6C /* Foundation.swift */; };
		96E19B441C4B9B0E00EDEC6C /* Frame+Extension.swift in Sources */ = {isa = PBXBuildFile; fileRef = 96E19B0D1C4B9B0E00EDEC6C /* Frame+Extension.swift */; };
		96E19B451C4B9B0E00EDEC6C /* GCD.swift in Sources */ = {isa = PBXBuildFile; fileRef = 96E19B0E1C4B9B0E00EDEC6C /* GCD.swift */; };
		96E19B471C4B9B0E00EDEC6C /* NSBlockOperation.swift in Sources */ = {isa = PBXBuildFile; fileRef = 96E19B101C4B9B0E00EDEC6C /* NSBlockOperation.swift */; };
		96E19B481C4B9B0E00EDEC6C /* NSBundle+Extension.swift in Sources */ = {isa = PBXBuildFile; fileRef = 96E19B111C4B9B0E00EDEC6C /* NSBundle+Extension.swift */; };
		96E19B491C4B9B0E00EDEC6C /* NSCache +Extension.swift in Sources */ = {isa = PBXBuildFile; fileRef = 96E19B121C4B9B0E00EDEC6C /* NSCache +Extension.swift */; };
		96E19B4A1C4B9B0E00EDEC6C /* NSCalendar.swift in Sources */ = {isa = PBXBuildFile; fileRef = 96E19B131C4B9B0E00EDEC6C /* NSCalendar.swift */; };
		96E19B4B1C4B9B0E00EDEC6C /* NSData+Extension.swift in Sources */ = {isa = PBXBuildFile; fileRef = 96E19B141C4B9B0E00EDEC6C /* NSData+Extension.swift */; };
		96E19B4C1C4B9B0E00EDEC6C /* NSDate+Extension.swift in Sources */ = {isa = PBXBuildFile; fileRef = 96E19B151C4B9B0E00EDEC6C /* NSDate+Extension.swift */; };
		96E19B4D1C4B9B0E00EDEC6C /* NSDateFormatter.swift in Sources */ = {isa = PBXBuildFile; fileRef = 96E19B161C4B9B0E00EDEC6C /* NSDateFormatter.swift */; };
		96E19B4E1C4B9B0E00EDEC6C /* NSDictionary +Extension.swift in Sources */ = {isa = PBXBuildFile; fileRef = 96E19B171C4B9B0E00EDEC6C /* NSDictionary +Extension.swift */; };
		96E19B4F1C4B9B0E00EDEC6C /* NSFileManager+Extension.swift in Sources */ = {isa = PBXBuildFile; fileRef = 96E19B181C4B9B0E00EDEC6C /* NSFileManager+Extension.swift */; };
		96E19B501C4B9B0E00EDEC6C /* NSLayoutConstraint+Extension.swift in Sources */ = {isa = PBXBuildFile; fileRef = 96E19B191C4B9B0E00EDEC6C /* NSLayoutConstraint+Extension.swift */; };
		96E19B511C4B9B0E00EDEC6C /* NSManagedObject.swift in Sources */ = {isa = PBXBuildFile; fileRef = 96E19B1A1C4B9B0E00EDEC6C /* NSManagedObject.swift */; };
		96E19B521C4B9B0E00EDEC6C /* NSMutableAttributedString.swift in Sources */ = {isa = PBXBuildFile; fileRef = 96E19B1B1C4B9B0E00EDEC6C /* NSMutableAttributedString.swift */; };
		96E19B531C4B9B0E00EDEC6C /* NSObject +Extension.swift in Sources */ = {isa = PBXBuildFile; fileRef = 96E19B1C1C4B9B0E00EDEC6C /* NSObject +Extension.swift */; };
		96E19B541C4B9B0E00EDEC6C /* NSObject+Extension.swift in Sources */ = {isa = PBXBuildFile; fileRef = 96E19B1D1C4B9B0E00EDEC6C /* NSObject+Extension.swift */; };
		96E19B551C4B9B0E00EDEC6C /* NSOperationQueue+Extension.swift in Sources */ = {isa = PBXBuildFile; fileRef = 96E19B1E1C4B9B0E00EDEC6C /* NSOperationQueue+Extension.swift */; };
		96E19B561C4B9B0E00EDEC6C /* NSString+Emoji+Extension.swift in Sources */ = {isa = PBXBuildFile; fileRef = 96E19B1F1C4B9B0E00EDEC6C /* NSString+Emoji+Extension.swift */; };
		96E19B571C4B9B0E00EDEC6C /* NSString-Size+Extension.swift in Sources */ = {isa = PBXBuildFile; fileRef = 96E19B201C4B9B0E00EDEC6C /* NSString-Size+Extension.swift */; };
		96E19B581C4B9B0E00EDEC6C /* NSTimer +Extension.swift in Sources */ = {isa = PBXBuildFile; fileRef = 96E19B211C4B9B0E00EDEC6C /* NSTimer +Extension.swift */; };
		96E19B591C4B9B0E00EDEC6C /* NSURL+Extension.swift in Sources */ = {isa = PBXBuildFile; fileRef = 96E19B221C4B9B0E00EDEC6C /* NSURL+Extension.swift */; };
		96E19B5A1C4B9B0E00EDEC6C /* String+Extension.swift in Sources */ = {isa = PBXBuildFile; fileRef = 96E19B231C4B9B0E00EDEC6C /* String+Extension.swift */; };
		96E19B5C1C4B9B0E00EDEC6C /* UIAlertController+Extension.swift in Sources */ = {isa = PBXBuildFile; fileRef = 96E19B251C4B9B0E00EDEC6C /* UIAlertController+Extension.swift */; };
		96E19B5D1C4B9B0E00EDEC6C /* UIApplication +Extension.swift in Sources */ = {isa = PBXBuildFile; fileRef = 96E19B261C4B9B0E00EDEC6C /* UIApplication +Extension.swift */; };
		96E19B5E1C4B9B0E00EDEC6C /* UIBarButtonItem+Extension.swift in Sources */ = {isa = PBXBuildFile; fileRef = 96E19B271C4B9B0E00EDEC6C /* UIBarButtonItem+Extension.swift */; };
		96E19B5F1C4B9B0E00EDEC6C /* UIButton+Extention.swift in Sources */ = {isa = PBXBuildFile; fileRef = 96E19B281C4B9B0E00EDEC6C /* UIButton+Extention.swift */; };
		96E19B611C4B9B0E00EDEC6C /* UIColor+Extension.swift in Sources */ = {isa = PBXBuildFile; fileRef = 96E19B2A1C4B9B0E00EDEC6C /* UIColor+Extension.swift */; };
		96E19B621C4B9B0E00EDEC6C /* UIDevice+Extension.swift in Sources */ = {isa = PBXBuildFile; fileRef = 96E19B2B1C4B9B0E00EDEC6C /* UIDevice+Extension.swift */; };
		96E19B631C4B9B0E00EDEC6C /* UIImage+Extension.swift in Sources */ = {isa = PBXBuildFile; fileRef = 96E19B2C1C4B9B0E00EDEC6C /* UIImage+Extension.swift */; };
		96E19B651C4B9B0E00EDEC6C /* UIImageView +Extension.swift in Sources */ = {isa = PBXBuildFile; fileRef = 96E19B2E1C4B9B0E00EDEC6C /* UIImageView +Extension.swift */; };
		96E19B661C4B9B0E00EDEC6C /* UIImageView+SDWebImage.swift in Sources */ = {isa = PBXBuildFile; fileRef = 96E19B2F1C4B9B0E00EDEC6C /* UIImageView+SDWebImage.swift */; };
		96E19B671C4B9B0E00EDEC6C /* UIKit+Extension.swift in Sources */ = {isa = PBXBuildFile; fileRef = 96E19B301C4B9B0E00EDEC6C /* UIKit+Extension.swift */; };
		96E19B681C4B9B0E00EDEC6C /* UILabel +Extension.swift in Sources */ = {isa = PBXBuildFile; fileRef = 96E19B311C4B9B0E00EDEC6C /* UILabel +Extension.swift */; };
		96E19B691C4B9B0E00EDEC6C /* UINib+Extension.swift in Sources */ = {isa = PBXBuildFile; fileRef = 96E19B321C4B9B0E00EDEC6C /* UINib+Extension.swift */; };
		96E19B6A1C4B9B0E00EDEC6C /* UIScreen+Extension.swift in Sources */ = {isa = PBXBuildFile; fileRef = 96E19B331C4B9B0E00EDEC6C /* UIScreen+Extension.swift */; };
		96E19B6B1C4B9B0E00EDEC6C /* UISegmentedControl+Extension.swift in Sources */ = {isa = PBXBuildFile; fileRef = 96E19B341C4B9B0E00EDEC6C /* UISegmentedControl+Extension.swift */; };
		96E19B6C1C4B9B0E00EDEC6C /* UIStoryboard.swift in Sources */ = {isa = PBXBuildFile; fileRef = 96E19B351C4B9B0E00EDEC6C /* UIStoryboard.swift */; };
		96E19B6D1C4B9B0E00EDEC6C /* UITabBarController+UITabBar.swift in Sources */ = {isa = PBXBuildFile; fileRef = 96E19B361C4B9B0E00EDEC6C /* UITabBarController+UITabBar.swift */; };
		96E19B6E1C4B9B0E00EDEC6C /* UITableView +Extention.swift in Sources */ = {isa = PBXBuildFile; fileRef = 96E19B371C4B9B0E00EDEC6C /* UITableView +Extention.swift */; };
		96E19B6F1C4B9B0E00EDEC6C /* UITableViewCell +Extention.swift in Sources */ = {isa = PBXBuildFile; fileRef = 96E19B381C4B9B0E00EDEC6C /* UITableViewCell +Extention.swift */; };
		96E19B701C4B9B0E00EDEC6C /* UITextField+Extension.swift in Sources */ = {isa = PBXBuildFile; fileRef = 96E19B391C4B9B0E00EDEC6C /* UITextField+Extension.swift */; };
		96E19B711C4B9B0E00EDEC6C /* UITextView+Extension.swift in Sources */ = {isa = PBXBuildFile; fileRef = 96E19B3A1C4B9B0E00EDEC6C /* UITextView+Extension.swift */; };
		96E19B721C4B9B0E00EDEC6C /* UIView+AutoLayout.swift in Sources */ = {isa = PBXBuildFile; fileRef = 96E19B3B1C4B9B0E00EDEC6C /* UIView+AutoLayout.swift */; };
		96E19B731C4B9B0E00EDEC6C /* UIView+Extension.swift in Sources */ = {isa = PBXBuildFile; fileRef = 96E19B3C1C4B9B0E00EDEC6C /* UIView+Extension.swift */; };
		96E19B741C4B9B0E00EDEC6C /* UIViewController +Extension.swift in Sources */ = {isa = PBXBuildFile; fileRef = 96E19B3D1C4B9B0E00EDEC6C /* UIViewController +Extension.swift */; };
		96E19B751C4B9B0E00EDEC6C /* UIWindow +Extension.swift in Sources */ = {isa = PBXBuildFile; fileRef = 96E19B3E1C4B9B0E00EDEC6C /* UIWindow +Extension.swift */; };
		96E19B7E1C4B9B3D00EDEC6C /* SKAction+Extension.swift in Sources */ = {isa = PBXBuildFile; fileRef = 96E19B771C4B9B3D00EDEC6C /* SKAction+Extension.swift */; };
		96E19B7F1C4B9B3D00EDEC6C /* SKNode+Extension.swift in Sources */ = {isa = PBXBuildFile; fileRef = 96E19B781C4B9B3D00EDEC6C /* SKNode+Extension.swift */; };
		96E19B801C4B9B3D00EDEC6C /* SKProduct+Extension.swift in Sources */ = {isa = PBXBuildFile; fileRef = 96E19B791C4B9B3D00EDEC6C /* SKProduct+Extension.swift */; };
		96E19B811C4B9B3D00EDEC6C /* SKScene+Extension.swift in Sources */ = {isa = PBXBuildFile; fileRef = 96E19B7A1C4B9B3D00EDEC6C /* SKScene+Extension.swift */; };
		96E19B821C4B9B3D00EDEC6C /* SKTAudioExtension.swift in Sources */ = {isa = PBXBuildFile; fileRef = 96E19B7B1C4B9B3D00EDEC6C /* SKTAudioExtension.swift */; };
		96E19B831C4B9B3D00EDEC6C /* SKTEffectExtension.swift in Sources */ = {isa = PBXBuildFile; fileRef = 96E19B7C1C4B9B3D00EDEC6C /* SKTEffectExtension.swift */; };
		96E19B841C4B9B3D00EDEC6C /* SKTexture+Extension.swift in Sources */ = {isa = PBXBuildFile; fileRef = 96E19B7D1C4B9B3D00EDEC6C /* SKTexture+Extension.swift */; };
/* End PBXBuildFile section */

/* Begin PBXContainerItemProxy section */
		96DDBE7B1C4246DF00A752E6 /* PBXContainerItemProxy */ = {
			isa = PBXContainerItemProxy;
			containerPortal = 96DDBE5E1C4246DF00A752E6 /* Project object */;
			proxyType = 1;
			remoteGlobalIDString = 96DDBE651C4246DF00A752E6;
			remoteInfo = "4jchc-Extension";
		};
		96DDBE861C4246DF00A752E6 /* PBXContainerItemProxy */ = {
			isa = PBXContainerItemProxy;
			containerPortal = 96DDBE5E1C4246DF00A752E6 /* Project object */;
			proxyType = 1;
			remoteGlobalIDString = 96DDBE651C4246DF00A752E6;
			remoteInfo = "4jchc-Extension";
		};
/* End PBXContainerItemProxy section */

/* Begin PBXFileReference section */
		960FCF691C67320100997732 /* UICollectionView+Extension.swift */ = {isa = PBXFileReference; fileEncoding = 4; lastKnownFileType = sourcecode.swift; path = "UICollectionView+Extension.swift"; sourceTree = "<group>"; };
		962F78A41C6F385A00EE6B83 /* HMSearchBar.swift */ = {isa = PBXFileReference; fileEncoding = 4; lastKnownFileType = sourcecode.swift; path = HMSearchBar.swift; sourceTree = "<group>"; };
		9657FE3C1C52354500EB1D1B /* SpriteKit+临时代码段.swift */ = {isa = PBXFileReference; fileEncoding = 4; lastKnownFileType = sourcecode.swift; path = "SpriteKit+临时代码段.swift"; sourceTree = "<group>"; };
		965947131C5CFFE000BE4617 /* CGGeometry几何类方法总结.swift */ = {isa = PBXFileReference; fileEncoding = 4; lastKnownFileType = sourcecode.swift; path = "CGGeometry几何类方法总结.swift"; sourceTree = "<group>"; };
		96624F2D1C5C841A00E673B5 /* CALayer.swift */ = {isa = PBXFileReference; fileEncoding = 4; lastKnownFileType = sourcecode.swift; path = CALayer.swift; sourceTree = "<group>"; };
		966A73A41C6AFBA500017907 /* UIScrollViewDelegate.swift */ = {isa = PBXFileReference; fileEncoding = 4; lastKnownFileType = sourcecode.swift; path = UIScrollViewDelegate.swift; sourceTree = "<group>"; };
		966E2F6A1C6DAA89009B36A6 /* NSIndexPath+Extension.swift */ = {isa = PBXFileReference; fileEncoding = 4; lastKnownFileType = sourcecode.swift; path = "NSIndexPath+Extension.swift"; sourceTree = "<group>"; };
		9676E7D41C4685B20003E61E /* Gcd.swift */ = {isa = PBXFileReference; fileEncoding = 4; lastKnownFileType = sourcecode.swift; path = Gcd.swift; sourceTree = "<group>"; };
		9686503E1C4C910F00A8D995 /* SKSpriteNode+Extension.swift */ = {isa = PBXFileReference; fileEncoding = 4; lastKnownFileType = sourcecode.swift; path = "SKSpriteNode+Extension.swift"; sourceTree = "<group>"; };
		968650401C4C9AC100A8D995 /* NSError+Extension.swift */ = {isa = PBXFileReference; fileEncoding = 4; lastKnownFileType = sourcecode.swift; path = "NSError+Extension.swift"; sourceTree = "<group>"; };
		968650A11C4CB91800A8D995 /* 常量.swift */ = {isa = PBXFileReference; fileEncoding = 4; lastKnownFileType = sourcecode.swift; path = "常量.swift"; sourceTree = "<group>"; };
		968650A41C4CCB1900A8D995 /* SKTextureAtlas+Extension.swift */ = {isa = PBXFileReference; fileEncoding = 4; lastKnownFileType = sourcecode.swift; path = "SKTextureAtlas+Extension.swift"; sourceTree = "<group>"; };
		968650AE1C4D32BE00A8D995 /* NSArray+Extension.swift */ = {isa = PBXFileReference; fileEncoding = 4; lastKnownFileType = sourcecode.swift; path = "NSArray+Extension.swift"; sourceTree = "<group>"; };
		96B7AA901C7EC958007AC158 /* 第三方框架总结.swift */ = {isa = PBXFileReference; fileEncoding = 4; lastKnownFileType = sourcecode.swift; path = "第三方框架总结.swift"; sourceTree = "<group>"; };
		96B9D17B1C5B41A40037F52B /* Animation.swift */ = {isa = PBXFileReference; fileEncoding = 4; lastKnownFileType = sourcecode.swift; path = Animation.swift; sourceTree = "<group>"; };
		96C001BC1C72C41B0014F47D /* UINavigationController.swift */ = {isa = PBXFileReference; fileEncoding = 4; lastKnownFileType = sourcecode.swift; name = UINavigationController.swift; path = "Extension【扩展延伸】/UINavigationController.swift"; sourceTree = "<group>"; };
		96C001BE1C72D3ED0014F47D /* XMGTabBar.swift */ = {isa = PBXFileReference; fileEncoding = 4; lastKnownFileType = sourcecode.swift; path = XMGTabBar.swift; sourceTree = "<group>"; };
		96C001C01C72D4560014F47D /* XMGTabBarController.swift */ = {isa = PBXFileReference; fileEncoding = 4; lastKnownFileType = sourcecode.swift; path = XMGTabBarController.swift; sourceTree = "<group>"; };
		96C7B8171C5B0C57000A176C /* TitleButton.swift */ = {isa = PBXFileReference; fileEncoding = 4; lastKnownFileType = sourcecode.swift; path = TitleButton.swift; sourceTree = "<group>"; };
		96C7B81E1C5B223F000A176C /* PopoverPresentationController.swift */ = {isa = PBXFileReference; fileEncoding = 4; lastKnownFileType = sourcecode.swift; path = PopoverPresentationController.swift; sourceTree = "<group>"; };
		96DDBE661C4246DF00A752E6 /* 4jchc-Extension.app */ = {isa = PBXFileReference; explicitFileType = wrapper.application; includeInIndex = 0; path = "4jchc-Extension.app"; sourceTree = BUILT_PRODUCTS_DIR; };
		96DDBE691C4246DF00A752E6 /* AppDelegate.swift */ = {isa = PBXFileReference; lastKnownFileType = sourcecode.swift; path = AppDelegate.swift; sourceTree = "<group>"; };
		96DDBE6B1C4246DF00A752E6 /* ViewController.swift */ = {isa = PBXFileReference; lastKnownFileType = sourcecode.swift; path = ViewController.swift; sourceTree = "<group>"; };
		96DDBE6E1C4246DF00A752E6 /* Base */ = {isa = PBXFileReference; lastKnownFileType = file.storyboard; name = Base; path = Base.lproj/Main.storyboard; sourceTree = "<group>"; };
		96DDBE701C4246DF00A752E6 /* Assets.xcassets */ = {isa = PBXFileReference; lastKnownFileType = folder.assetcatalog; path = Assets.xcassets; sourceTree = "<group>"; };
		96DDBE731C4246DF00A752E6 /* Base */ = {isa = PBXFileReference; lastKnownFileType = file.storyboard; name = Base; path = Base.lproj/LaunchScreen.storyboard; sourceTree = "<group>"; };
		96DDBE751C4246DF00A752E6 /* Info.plist */ = {isa = PBXFileReference; lastKnownFileType = text.plist.xml; path = Info.plist; sourceTree = "<group>"; };
		96DDBE7A1C4246DF00A752E6 /* 4jchc-ExtensionTests.xctest */ = {isa = PBXFileReference; explicitFileType = wrapper.cfbundle; includeInIndex = 0; path = "4jchc-ExtensionTests.xctest"; sourceTree = BUILT_PRODUCTS_DIR; };
		96DDBE7E1C4246DF00A752E6 /* _jchc_ExtensionTests.swift */ = {isa = PBXFileReference; lastKnownFileType = sourcecode.swift; path = _jchc_ExtensionTests.swift; sourceTree = "<group>"; };
		96DDBE801C4246DF00A752E6 /* Info.plist */ = {isa = PBXFileReference; lastKnownFileType = text.plist.xml; path = Info.plist; sourceTree = "<group>"; };
		96DDBE851C4246DF00A752E6 /* 4jchc-ExtensionUITests.xctest */ = {isa = PBXFileReference; explicitFileType = wrapper.cfbundle; includeInIndex = 0; path = "4jchc-ExtensionUITests.xctest"; sourceTree = BUILT_PRODUCTS_DIR; };
		96DDBE891C4246DF00A752E6 /* _jchc_ExtensionUITests.swift */ = {isa = PBXFileReference; lastKnownFileType = sourcecode.swift; path = _jchc_ExtensionUITests.swift; sourceTree = "<group>"; };
		96DDBE8B1C4246DF00A752E6 /* Info.plist */ = {isa = PBXFileReference; lastKnownFileType = text.plist.xml; path = Info.plist; sourceTree = "<group>"; };
		96DDBE9E1C42478100A752E6 /* HttpTool.h */ = {isa = PBXFileReference; fileEncoding = 4; lastKnownFileType = sourcecode.c.h; path = HttpTool.h; sourceTree = "<group>"; };
		96DDBE9F1C42478100A752E6 /* HttpTool.m */ = {isa = PBXFileReference; fileEncoding = 4; lastKnownFileType = sourcecode.c.objc; path = HttpTool.m; sourceTree = "<group>"; };
		96DDBEA21C42478100A752E6 /* HMAnimatedTransitioning.swift */ = {isa = PBXFileReference; fileEncoding = 4; lastKnownFileType = sourcecode.swift; path = HMAnimatedTransitioning.swift; sourceTree = "<group>"; };
		96DDBEA31C42478100A752E6 /* HMPresentationController.swift */ = {isa = PBXFileReference; fileEncoding = 4; lastKnownFileType = sourcecode.swift; path = HMPresentationController.swift; sourceTree = "<group>"; };
		96DDBEA41C42478100A752E6 /* HMTransition.swift */ = {isa = PBXFileReference; fileEncoding = 4; lastKnownFileType = sourcecode.swift; path = HMTransition.swift; sourceTree = "<group>"; };
		96E19B081C4B9B0E00EDEC6C /* Array +Extension.swift */ = {isa = PBXFileReference; fileEncoding = 4; lastKnownFileType = sourcecode.swift; path = "Array +Extension.swift"; sourceTree = "<group>"; };
		96E19B091C4B9B0E00EDEC6C /* ColorType.swift */ = {isa = PBXFileReference; fileEncoding = 4; lastKnownFileType = sourcecode.swift; path = ColorType.swift; sourceTree = "<group>"; };
		96E19B0A1C4B9B0E00EDEC6C /* Dictionary +Extension.swift */ = {isa = PBXFileReference; fileEncoding = 4; lastKnownFileType = sourcecode.swift; path = "Dictionary +Extension.swift"; sourceTree = "<group>"; };
		96E19B0B1C4B9B0E00EDEC6C /* Double+Extension.swift */ = {isa = PBXFileReference; fileEncoding = 4; lastKnownFileType = sourcecode.swift; path = "Double+Extension.swift"; sourceTree = "<group>"; };
		96E19B0C1C4B9B0E00EDEC6C /* Foundation.swift */ = {isa = PBXFileReference; fileEncoding = 4; lastKnownFileType = sourcecode.swift; path = Foundation.swift; sourceTree = "<group>"; };
		96E19B0D1C4B9B0E00EDEC6C /* Frame+Extension.swift */ = {isa = PBXFileReference; fileEncoding = 4; lastKnownFileType = sourcecode.swift; path = "Frame+Extension.swift"; sourceTree = "<group>"; };
		96E19B0E1C4B9B0E00EDEC6C /* GCD.swift */ = {isa = PBXFileReference; fileEncoding = 4; lastKnownFileType = sourcecode.swift; path = GCD.swift; sourceTree = "<group>"; };
		96E19B101C4B9B0E00EDEC6C /* NSBlockOperation.swift */ = {isa = PBXFileReference; fileEncoding = 4; lastKnownFileType = sourcecode.swift; path = NSBlockOperation.swift; sourceTree = "<group>"; };
		96E19B111C4B9B0E00EDEC6C /* NSBundle+Extension.swift */ = {isa = PBXFileReference; fileEncoding = 4; lastKnownFileType = sourcecode.swift; path = "NSBundle+Extension.swift"; sourceTree = "<group>"; };
		96E19B121C4B9B0E00EDEC6C /* NSCache +Extension.swift */ = {isa = PBXFileReference; fileEncoding = 4; lastKnownFileType = sourcecode.swift; path = "NSCache +Extension.swift"; sourceTree = "<group>"; };
		96E19B131C4B9B0E00EDEC6C /* NSCalendar.swift */ = {isa = PBXFileReference; fileEncoding = 4; lastKnownFileType = sourcecode.swift; path = NSCalendar.swift; sourceTree = "<group>"; };
		96E19B141C4B9B0E00EDEC6C /* NSData+Extension.swift */ = {isa = PBXFileReference; fileEncoding = 4; lastKnownFileType = sourcecode.swift; path = "NSData+Extension.swift"; sourceTree = "<group>"; };
		96E19B151C4B9B0E00EDEC6C /* NSDate+Extension.swift */ = {isa = PBXFileReference; fileEncoding = 4; lastKnownFileType = sourcecode.swift; path = "NSDate+Extension.swift"; sourceTree = "<group>"; };
		96E19B161C4B9B0E00EDEC6C /* NSDateFormatter.swift */ = {isa = PBXFileReference; fileEncoding = 4; lastKnownFileType = sourcecode.swift; path = NSDateFormatter.swift; sourceTree = "<group>"; };
		96E19B171C4B9B0E00EDEC6C /* NSDictionary +Extension.swift */ = {isa = PBXFileReference; fileEncoding = 4; lastKnownFileType = sourcecode.swift; path = "NSDictionary +Extension.swift"; sourceTree = "<group>"; };
		96E19B181C4B9B0E00EDEC6C /* NSFileManager+Extension.swift */ = {isa = PBXFileReference; fileEncoding = 4; lastKnownFileType = sourcecode.swift; path = "NSFileManager+Extension.swift"; sourceTree = "<group>"; };
		96E19B191C4B9B0E00EDEC6C /* NSLayoutConstraint+Extension.swift */ = {isa = PBXFileReference; fileEncoding = 4; lastKnownFileType = sourcecode.swift; path = "NSLayoutConstraint+Extension.swift"; sourceTree = "<group>"; };
		96E19B1A1C4B9B0E00EDEC6C /* NSManagedObject.swift */ = {isa = PBXFileReference; fileEncoding = 4; lastKnownFileType = sourcecode.swift; path = NSManagedObject.swift; sourceTree = "<group>"; };
		96E19B1B1C4B9B0E00EDEC6C /* NSMutableAttributedString.swift */ = {isa = PBXFileReference; fileEncoding = 4; lastKnownFileType = sourcecode.swift; path = NSMutableAttributedString.swift; sourceTree = "<group>"; };
		96E19B1C1C4B9B0E00EDEC6C /* NSObject +Extension.swift */ = {isa = PBXFileReference; fileEncoding = 4; lastKnownFileType = sourcecode.swift; path = "NSObject +Extension.swift"; sourceTree = "<group>"; };
		96E19B1D1C4B9B0E00EDEC6C /* NSObject+Extension.swift */ = {isa = PBXFileReference; fileEncoding = 4; lastKnownFileType = sourcecode.swift; path = "NSObject+Extension.swift"; sourceTree = "<group>"; };
		96E19B1E1C4B9B0E00EDEC6C /* NSOperationQueue+Extension.swift */ = {isa = PBXFileReference; fileEncoding = 4; lastKnownFileType = sourcecode.swift; path = "NSOperationQueue+Extension.swift"; sourceTree = "<group>"; };
		96E19B1F1C4B9B0E00EDEC6C /* NSString+Emoji+Extension.swift */ = {isa = PBXFileReference; fileEncoding = 4; lastKnownFileType = sourcecode.swift; path = "NSString+Emoji+Extension.swift"; sourceTree = "<group>"; };
		96E19B201C4B9B0E00EDEC6C /* NSString-Size+Extension.swift */ = {isa = PBXFileReference; fileEncoding = 4; lastKnownFileType = sourcecode.swift; path = "NSString-Size+Extension.swift"; sourceTree = "<group>"; };
		96E19B211C4B9B0E00EDEC6C /* NSTimer +Extension.swift */ = {isa = PBXFileReference; fileEncoding = 4; lastKnownFileType = sourcecode.swift; path = "NSTimer +Extension.swift"; sourceTree = "<group>"; };
		96E19B221C4B9B0E00EDEC6C /* NSURL+Extension.swift */ = {isa = PBXFileReference; fileEncoding = 4; lastKnownFileType = sourcecode.swift; path = "NSURL+Extension.swift"; sourceTree = "<group>"; };
		96E19B231C4B9B0E00EDEC6C /* String+Extension.swift */ = {isa = PBXFileReference; fileEncoding = 4; lastKnownFileType = sourcecode.swift; path = "String+Extension.swift"; sourceTree = "<group>"; };
		96E19B251C4B9B0E00EDEC6C /* UIAlertController+Extension.swift */ = {isa = PBXFileReference; fileEncoding = 4; lastKnownFileType = sourcecode.swift; path = "UIAlertController+Extension.swift"; sourceTree = "<group>"; };
		96E19B261C4B9B0E00EDEC6C /* UIApplication +Extension.swift */ = {isa = PBXFileReference; fileEncoding = 4; lastKnownFileType = sourcecode.swift; path = "UIApplication +Extension.swift"; sourceTree = "<group>"; };
		96E19B271C4B9B0E00EDEC6C /* UIBarButtonItem+Extension.swift */ = {isa = PBXFileReference; fileEncoding = 4; lastKnownFileType = sourcecode.swift; path = "UIBarButtonItem+Extension.swift"; sourceTree = "<group>"; };
		96E19B281C4B9B0E00EDEC6C /* UIButton+Extention.swift */ = {isa = PBXFileReference; fileEncoding = 4; lastKnownFileType = sourcecode.swift; path = "UIButton+Extention.swift"; sourceTree = "<group>"; };
		96E19B2A1C4B9B0E00EDEC6C /* UIColor+Extension.swift */ = {isa = PBXFileReference; fileEncoding = 4; lastKnownFileType = sourcecode.swift; path = "UIColor+Extension.swift"; sourceTree = "<group>"; };
		96E19B2B1C4B9B0E00EDEC6C /* UIDevice+Extension.swift */ = {isa = PBXFileReference; fileEncoding = 4; lastKnownFileType = sourcecode.swift; path = "UIDevice+Extension.swift"; sourceTree = "<group>"; };
		96E19B2C1C4B9B0E00EDEC6C /* UIImage+Extension.swift */ = {isa = PBXFileReference; fileEncoding = 4; lastKnownFileType = sourcecode.swift; path = "UIImage+Extension.swift"; sourceTree = "<group>"; };
		96E19B2E1C4B9B0E00EDEC6C /* UIImageView +Extension.swift */ = {isa = PBXFileReference; fileEncoding = 4; lastKnownFileType = sourcecode.swift; path = "UIImageView +Extension.swift"; sourceTree = "<group>"; };
		96E19B2F1C4B9B0E00EDEC6C /* UIImageView+SDWebImage.swift */ = {isa = PBXFileReference; fileEncoding = 4; lastKnownFileType = sourcecode.swift; path = "UIImageView+SDWebImage.swift"; sourceTree = "<group>"; };
		96E19B301C4B9B0E00EDEC6C /* UIKit+Extension.swift */ = {isa = PBXFileReference; fileEncoding = 4; lastKnownFileType = sourcecode.swift; path = "UIKit+Extension.swift"; sourceTree = "<group>"; };
		96E19B311C4B9B0E00EDEC6C /* UILabel +Extension.swift */ = {isa = PBXFileReference; fileEncoding = 4; lastKnownFileType = sourcecode.swift; path = "UILabel +Extension.swift"; sourceTree = "<group>"; };
		96E19B321C4B9B0E00EDEC6C /* UINib+Extension.swift */ = {isa = PBXFileReference; fileEncoding = 4; lastKnownFileType = sourcecode.swift; path = "UINib+Extension.swift"; sourceTree = "<group>"; };
		96E19B331C4B9B0E00EDEC6C /* UIScreen+Extension.swift */ = {isa = PBXFileReference; fileEncoding = 4; lastKnownFileType = sourcecode.swift; path = "UIScreen+Extension.swift"; sourceTree = "<group>"; };
		96E19B341C4B9B0E00EDEC6C /* UISegmentedControl+Extension.swift */ = {isa = PBXFileReference; fileEncoding = 4; lastKnownFileType = sourcecode.swift; path = "UISegmentedControl+Extension.swift"; sourceTree = "<group>"; };
		96E19B351C4B9B0E00EDEC6C /* UIStoryboard.swift */ = {isa = PBXFileReference; fileEncoding = 4; lastKnownFileType = sourcecode.swift; path = UIStoryboard.swift; sourceTree = "<group>"; };
		96E19B361C4B9B0E00EDEC6C /* UITabBarController+UITabBar.swift */ = {isa = PBXFileReference; fileEncoding = 4; lastKnownFileType = sourcecode.swift; path = "UITabBarController+UITabBar.swift"; sourceTree = "<group>"; };
		96E19B371C4B9B0E00EDEC6C /* UITableView +Extention.swift */ = {isa = PBXFileReference; fileEncoding = 4; lastKnownFileType = sourcecode.swift; path = "UITableView +Extention.swift"; sourceTree = "<group>"; };
		96E19B381C4B9B0E00EDEC6C /* UITableViewCell +Extention.swift */ = {isa = PBXFileReference; fileEncoding = 4; lastKnownFileType = sourcecode.swift; path = "UITableViewCell +Extention.swift"; sourceTree = "<group>"; };
		96E19B391C4B9B0E00EDEC6C /* UITextField+Extension.swift */ = {isa = PBXFileReference; fileEncoding = 4; lastKnownFileType = sourcecode.swift; path = "UITextField+Extension.swift"; sourceTree = "<group>"; };
		96E19B3A1C4B9B0E00EDEC6C /* UITextView+Extension.swift */ = {isa = PBXFileReference; fileEncoding = 4; lastKnownFileType = sourcecode.swift; path = "UITextView+Extension.swift"; sourceTree = "<group>"; };
		96E19B3B1C4B9B0E00EDEC6C /* UIView+AutoLayout.swift */ = {isa = PBXFileReference; fileEncoding = 4; lastKnownFileType = sourcecode.swift; path = "UIView+AutoLayout.swift"; sourceTree = "<group>"; };
		96E19B3C1C4B9B0E00EDEC6C /* UIView+Extension.swift */ = {isa = PBXFileReference; fileEncoding = 4; lastKnownFileType = sourcecode.swift; path = "UIView+Extension.swift"; sourceTree = "<group>"; };
		96E19B3D1C4B9B0E00EDEC6C /* UIViewController +Extension.swift */ = {isa = PBXFileReference; fileEncoding = 4; lastKnownFileType = sourcecode.swift; path = "UIViewController +Extension.swift"; sourceTree = "<group>"; };
		96E19B3E1C4B9B0E00EDEC6C /* UIWindow +Extension.swift */ = {isa = PBXFileReference; fileEncoding = 4; lastKnownFileType = sourcecode.swift; path = "UIWindow +Extension.swift"; sourceTree = "<group>"; };
		96E19B771C4B9B3D00EDEC6C /* SKAction+Extension.swift */ = {isa = PBXFileReference; fileEncoding = 4; lastKnownFileType = sourcecode.swift; path = "SKAction+Extension.swift"; sourceTree = "<group>"; };
		96E19B781C4B9B3D00EDEC6C /* SKNode+Extension.swift */ = {isa = PBXFileReference; fileEncoding = 4; lastKnownFileType = sourcecode.swift; path = "SKNode+Extension.swift"; sourceTree = "<group>"; };
		96E19B791C4B9B3D00EDEC6C /* SKProduct+Extension.swift */ = {isa = PBXFileReference; fileEncoding = 4; lastKnownFileType = sourcecode.swift; path = "SKProduct+Extension.swift"; sourceTree = "<group>"; };
		96E19B7A1C4B9B3D00EDEC6C /* SKScene+Extension.swift */ = {isa = PBXFileReference; fileEncoding = 4; lastKnownFileType = sourcecode.swift; path = "SKScene+Extension.swift"; sourceTree = "<group>"; };
		96E19B7B1C4B9B3D00EDEC6C /* SKTAudioExtension.swift */ = {isa = PBXFileReference; fileEncoding = 4; lastKnownFileType = sourcecode.swift; path = SKTAudioExtension.swift; sourceTree = "<group>"; };
		96E19B7C1C4B9B3D00EDEC6C /* SKTEffectExtension.swift */ = {isa = PBXFileReference; fileEncoding = 4; lastKnownFileType = sourcecode.swift; path = SKTEffectExtension.swift; sourceTree = "<group>"; };
		96E19B7D1C4B9B3D00EDEC6C /* SKTexture+Extension.swift */ = {isa = PBXFileReference; fileEncoding = 4; lastKnownFileType = sourcecode.swift; path = "SKTexture+Extension.swift"; sourceTree = "<group>"; };
/* End PBXFileReference section */

/* Begin PBXFrameworksBuildPhase section */
		96DDBE631C4246DF00A752E6 /* Frameworks */ = {
			isa = PBXFrameworksBuildPhase;
			buildActionMask = 2147483647;
			files = (
			);
			runOnlyForDeploymentPostprocessing = 0;
		};
		96DDBE771C4246DF00A752E6 /* Frameworks */ = {
			isa = PBXFrameworksBuildPhase;
			buildActionMask = 2147483647;
			files = (
			);
			runOnlyForDeploymentPostprocessing = 0;
		};
		96DDBE821C4246DF00A752E6 /* Frameworks */ = {
			isa = PBXFrameworksBuildPhase;
			buildActionMask = 2147483647;
			files = (
			);
			runOnlyForDeploymentPostprocessing = 0;
		};
/* End PBXFrameworksBuildPhase section */

/* Begin PBXGroup section */
		9688A92D1C5A224C0002FE2D /* 控制器常用方法 */ = {
			isa = PBXGroup;
			children = (
				96C001BC1C72C41B0014F47D /* UINavigationController.swift */,
				96C001C01C72D4560014F47D /* XMGTabBarController.swift */,
				96C001BE1C72D3ED0014F47D /* XMGTabBar.swift */,
				96B7AA901C7EC958007AC158 /* 第三方框架总结.swift */,
			);
			name = "控制器常用方法";
			sourceTree = "<group>";
		};
		96A8959E1C76DCE000D18324 /* 💗自定义控件的方法 */ = {
			isa = PBXGroup;
			children = (
			);
			path = "💗自定义控件的方法";
			sourceTree = "<group>";
		};
		96C7B8161C5B0C0E000A176C /* 自定义扩展 */ = {
			isa = PBXGroup;
			children = (
				962F78A41C6F385A00EE6B83 /* HMSearchBar.swift */,
				966A73A41C6AFBA500017907 /* UIScrollViewDelegate.swift */,
				96C7B8171C5B0C57000A176C /* TitleButton.swift */,
				96C7B81E1C5B223F000A176C /* PopoverPresentationController.swift */,
				96B9D17B1C5B41A40037F52B /* Animation.swift */,
				96624F2D1C5C841A00E673B5 /* CALayer.swift */,
				965947131C5CFFE000BE4617 /* CGGeometry几何类方法总结.swift */,
			);
			path = "自定义扩展";
			sourceTree = "<group>";
		};
		96DDBE5D1C4246DF00A752E6 = {
			isa = PBXGroup;
			children = (
				96DDBE681C4246DF00A752E6 /* 4jchc-Extension */,
				96DDBE7D1C4246DF00A752E6 /* 4jchc-ExtensionTests */,
				96DDBE881C4246DF00A752E6 /* 4jchc-ExtensionUITests */,
				96DDBE671C4246DF00A752E6 /* Products */,
			);
			sourceTree = "<group>";
		};
		96DDBE671C4246DF00A752E6 /* Products */ = {
			isa = PBXGroup;
			children = (
				96DDBE661C4246DF00A752E6 /* 4jchc-Extension.app */,
				96DDBE7A1C4246DF00A752E6 /* 4jchc-ExtensionTests.xctest */,
				96DDBE851C4246DF00A752E6 /* 4jchc-ExtensionUITests.xctest */,
			);
			name = Products;
			sourceTree = "<group>";
		};
		96DDBE681C4246DF00A752E6 /* 4jchc-Extension */ = {
			isa = PBXGroup;
			children = (
				96A8959E1C76DCE000D18324 /* 💗自定义控件的方法 */,
				9688A92D1C5A224C0002FE2D /* 控制器常用方法 */,
				96E19B761C4B9B3D00EDEC6C /* Extension【SpriteKit扩展延伸】 */,
				96E19B071C4B9B0E00EDEC6C /* Extension【扩展延伸】 */,
				96DDBE9B1C42478100A752E6 /* Custom【扩展延伸】 */,
				96DDBE691C4246DF00A752E6 /* AppDelegate.swift */,
				96DDBE6B1C4246DF00A752E6 /* ViewController.swift */,
				9676E7D41C4685B20003E61E /* Gcd.swift */,
				96DDBE6D1C4246DF00A752E6 /* Main.storyboard */,
				96DDBE701C4246DF00A752E6 /* Assets.xcassets */,
				96DDBE721C4246DF00A752E6 /* LaunchScreen.storyboard */,
				96DDBE751C4246DF00A752E6 /* Info.plist */,
			);
			path = "4jchc-Extension";
			sourceTree = "<group>";
		};
		96DDBE7D1C4246DF00A752E6 /* 4jchc-ExtensionTests */ = {
			isa = PBXGroup;
			children = (
				96DDBE7E1C4246DF00A752E6 /* _jchc_ExtensionTests.swift */,
				96DDBE801C4246DF00A752E6 /* Info.plist */,
			);
			path = "4jchc-ExtensionTests";
			sourceTree = "<group>";
		};
		96DDBE881C4246DF00A752E6 /* 4jchc-ExtensionUITests */ = {
			isa = PBXGroup;
			children = (
				96DDBE891C4246DF00A752E6 /* _jchc_ExtensionUITests.swift */,
				96DDBE8B1C4246DF00A752E6 /* Info.plist */,
			);
			path = "4jchc-ExtensionUITests";
			sourceTree = "<group>";
		};
		96DDBE9B1C42478100A752E6 /* Custom【扩展延伸】 */ = {
			isa = PBXGroup;
			children = (
				96C7B8161C5B0C0E000A176C /* 自定义扩展 */,
				96DDBE9D1C42478100A752E6 /* 文件上传下载工具抽取 */,
				96DDBEA01C42478100A752E6 /* 自定义Modal动画 */,
			);
			path = "Custom【扩展延伸】";
			sourceTree = "<group>";
		};
		96DDBE9D1C42478100A752E6 /* 文件上传下载工具抽取 */ = {
			isa = PBXGroup;
			children = (
				96DDBE9E1C42478100A752E6 /* HttpTool.h */,
				96DDBE9F1C42478100A752E6 /* HttpTool.m */,
			);
			path = "文件上传下载工具抽取";
			sourceTree = "<group>";
		};
		96DDBEA01C42478100A752E6 /* 自定义Modal动画 */ = {
			isa = PBXGroup;
			children = (
				96DDBEA21C42478100A752E6 /* HMAnimatedTransitioning.swift */,
				96DDBEA31C42478100A752E6 /* HMPresentationController.swift */,
				96DDBEA41C42478100A752E6 /* HMTransition.swift */,
			);
			path = "自定义Modal动画";
			sourceTree = "<group>";
		};
		96E19B071C4B9B0E00EDEC6C /* Extension【扩展延伸】 */ = {
			isa = PBXGroup;
			children = (
				968650A11C4CB91800A8D995 /* 常量.swift */,
				96E19B081C4B9B0E00EDEC6C /* Array +Extension.swift */,
				96E19B091C4B9B0E00EDEC6C /* ColorType.swift */,
				96E19B0A1C4B9B0E00EDEC6C /* Dictionary +Extension.swift */,
				96E19B0B1C4B9B0E00EDEC6C /* Double+Extension.swift */,
				96E19B0C1C4B9B0E00EDEC6C /* Foundation.swift */,
				96E19B0D1C4B9B0E00EDEC6C /* Frame+Extension.swift */,
				96E19B0E1C4B9B0E00EDEC6C /* GCD.swift */,
				968650AE1C4D32BE00A8D995 /* NSArray+Extension.swift */,
				96E19B101C4B9B0E00EDEC6C /* NSBlockOperation.swift */,
				96E19B111C4B9B0E00EDEC6C /* NSBundle+Extension.swift */,
				96E19B121C4B9B0E00EDEC6C /* NSCache +Extension.swift */,
				96E19B131C4B9B0E00EDEC6C /* NSCalendar.swift */,
				96E19B141C4B9B0E00EDEC6C /* NSData+Extension.swift */,
				96E19B151C4B9B0E00EDEC6C /* NSDate+Extension.swift */,
				96E19B161C4B9B0E00EDEC6C /* NSDateFormatter.swift */,
				96E19B171C4B9B0E00EDEC6C /* NSDictionary +Extension.swift */,
				968650401C4C9AC100A8D995 /* NSError+Extension.swift */,
				96E19B181C4B9B0E00EDEC6C /* NSFileManager+Extension.swift */,
				966E2F6A1C6DAA89009B36A6 /* NSIndexPath+Extension.swift */,
				96E19B191C4B9B0E00EDEC6C /* NSLayoutConstraint+Extension.swift */,
				96E19B1A1C4B9B0E00EDEC6C /* NSManagedObject.swift */,
				96E19B1B1C4B9B0E00EDEC6C /* NSMutableAttributedString.swift */,
				96E19B1C1C4B9B0E00EDEC6C /* NSObject +Extension.swift */,
				96E19B1D1C4B9B0E00EDEC6C /* NSObject+Extension.swift */,
				96E19B1E1C4B9B0E00EDEC6C /* NSOperationQueue+Extension.swift */,
				96E19B201C4B9B0E00EDEC6C /* NSString-Size+Extension.swift */,
				96E19B1F1C4B9B0E00EDEC6C /* NSString+Emoji+Extension.swift */,
				96E19B211C4B9B0E00EDEC6C /* NSTimer +Extension.swift */,
				96E19B221C4B9B0E00EDEC6C /* NSURL+Extension.swift */,
				96E19B231C4B9B0E00EDEC6C /* String+Extension.swift */,
				96E19B251C4B9B0E00EDEC6C /* UIAlertController+Extension.swift */,
				96E19B261C4B9B0E00EDEC6C /* UIApplication +Extension.swift */,
				96E19B271C4B9B0E00EDEC6C /* UIBarButtonItem+Extension.swift */,
				96E19B281C4B9B0E00EDEC6C /* UIButton+Extention.swift */,
				960FCF691C67320100997732 /* UICollectionView+Extension.swift */,
				96E19B2A1C4B9B0E00EDEC6C /* UIColor+Extension.swift */,
				96E19B2B1C4B9B0E00EDEC6C /* UIDevice+Extension.swift */,
				96E19B2C1C4B9B0E00EDEC6C /* UIImage+Extension.swift */,
				96E19B2E1C4B9B0E00EDEC6C /* UIImageView +Extension.swift */,
				96E19B2F1C4B9B0E00EDEC6C /* UIImageView+SDWebImage.swift */,
				96E19B301C4B9B0E00EDEC6C /* UIKit+Extension.swift */,
				96E19B311C4B9B0E00EDEC6C /* UILabel +Extension.swift */,
				96E19B321C4B9B0E00EDEC6C /* UINib+Extension.swift */,
				96E19B331C4B9B0E00EDEC6C /* UIScreen+Extension.swift */,
				96E19B341C4B9B0E00EDEC6C /* UISegmentedControl+Extension.swift */,
				96E19B351C4B9B0E00EDEC6C /* UIStoryboard.swift */,
				96E19B361C4B9B0E00EDEC6C /* UITabBarController+UITabBar.swift */,
				96E19B371C4B9B0E00EDEC6C /* UITableView +Extention.swift */,
				96E19B381C4B9B0E00EDEC6C /* UITableViewCell +Extention.swift */,
				96E19B391C4B9B0E00EDEC6C /* UITextField+Extension.swift */,
				96E19B3A1C4B9B0E00EDEC6C /* UITextView+Extension.swift */,
				96E19B3B1C4B9B0E00EDEC6C /* UIView+AutoLayout.swift */,
				96E19B3C1C4B9B0E00EDEC6C /* UIView+Extension.swift */,
				96E19B3D1C4B9B0E00EDEC6C /* UIViewController +Extension.swift */,
				96E19B3E1C4B9B0E00EDEC6C /* UIWindow +Extension.swift */,
			);
			path = "Extension【扩展延伸】";
			sourceTree = "<group>";
		};
		96E19B761C4B9B3D00EDEC6C /* Extension【SpriteKit扩展延伸】 */ = {
			isa = PBXGroup;
			children = (
				96E19B771C4B9B3D00EDEC6C /* SKAction+Extension.swift */,
				96E19B781C4B9B3D00EDEC6C /* SKNode+Extension.swift */,
				9686503E1C4C910F00A8D995 /* SKSpriteNode+Extension.swift */,
				96E19B791C4B9B3D00EDEC6C /* SKProduct+Extension.swift */,
				96E19B7A1C4B9B3D00EDEC6C /* SKScene+Extension.swift */,
				968650A41C4CCB1900A8D995 /* SKTextureAtlas+Extension.swift */,
				96E19B7B1C4B9B3D00EDEC6C /* SKTAudioExtension.swift */,
				96E19B7C1C4B9B3D00EDEC6C /* SKTEffectExtension.swift */,
				96E19B7D1C4B9B3D00EDEC6C /* SKTexture+Extension.swift */,
				9657FE3C1C52354500EB1D1B /* SpriteKit+临时代码段.swift */,
			);
			path = "Extension【SpriteKit扩展延伸】";
			sourceTree = "<group>";
		};
/* End PBXGroup section */

/* Begin PBXNativeTarget section */
		96DDBE651C4246DF00A752E6 /* 4jchc-Extension */ = {
			isa = PBXNativeTarget;
			buildConfigurationList = 96DDBE8E1C4246DF00A752E6 /* Build configuration list for PBXNativeTarget "4jchc-Extension" */;
			buildPhases = (
				96DDBE621C4246DF00A752E6 /* Sources */,
				96DDBE631C4246DF00A752E6 /* Frameworks */,
				96DDBE641C4246DF00A752E6 /* Resources */,
			);
			buildRules = (
			);
			dependencies = (
			);
			name = "4jchc-Extension";
			productName = "4jchc-Extension";
			productReference = 96DDBE661C4246DF00A752E6 /* 4jchc-Extension.app */;
			productType = "com.apple.product-type.application";
		};
		96DDBE791C4246DF00A752E6 /* 4jchc-ExtensionTests */ = {
			isa = PBXNativeTarget;
			buildConfigurationList = 96DDBE911C4246DF00A752E6 /* Build configuration list for PBXNativeTarget "4jchc-ExtensionTests" */;
			buildPhases = (
				96DDBE761C4246DF00A752E6 /* Sources */,
				96DDBE771C4246DF00A752E6 /* Frameworks */,
				96DDBE781C4246DF00A752E6 /* Resources */,
			);
			buildRules = (
			);
			dependencies = (
				96DDBE7C1C4246DF00A752E6 /* PBXTargetDependency */,
			);
			name = "4jchc-ExtensionTests";
			productName = "4jchc-ExtensionTests";
			productReference = 96DDBE7A1C4246DF00A752E6 /* 4jchc-ExtensionTests.xctest */;
			productType = "com.apple.product-type.bundle.unit-test";
		};
		96DDBE841C4246DF00A752E6 /* 4jchc-ExtensionUITests */ = {
			isa = PBXNativeTarget;
			buildConfigurationList = 96DDBE941C4246DF00A752E6 /* Build configuration list for PBXNativeTarget "4jchc-ExtensionUITests" */;
			buildPhases = (
				96DDBE811C4246DF00A752E6 /* Sources */,
				96DDBE821C4246DF00A752E6 /* Frameworks */,
				96DDBE831C4246DF00A752E6 /* Resources */,
			);
			buildRules = (
			);
			dependencies = (
				96DDBE871C4246DF00A752E6 /* PBXTargetDependency */,
			);
			name = "4jchc-ExtensionUITests";
			productName = "4jchc-ExtensionUITests";
			productReference = 96DDBE851C4246DF00A752E6 /* 4jchc-ExtensionUITests.xctest */;
			productType = "com.apple.product-type.bundle.ui-testing";
		};
/* End PBXNativeTarget section */

/* Begin PBXProject section */
		96DDBE5E1C4246DF00A752E6 /* Project object */ = {
			isa = PBXProject;
			attributes = {
				LastSwiftUpdateCheck = 0720;
				LastUpgradeCheck = 0720;
				ORGANIZATIONNAME = sijichcai;
				TargetAttributes = {
					96DDBE651C4246DF00A752E6 = {
						CreatedOnToolsVersion = 7.2;
					};
					96DDBE791C4246DF00A752E6 = {
						CreatedOnToolsVersion = 7.2;
						TestTargetID = 96DDBE651C4246DF00A752E6;
					};
					96DDBE841C4246DF00A752E6 = {
						CreatedOnToolsVersion = 7.2;
						TestTargetID = 96DDBE651C4246DF00A752E6;
					};
				};
			};
			buildConfigurationList = 96DDBE611C4246DF00A752E6 /* Build configuration list for PBXProject "4jchc-Extension" */;
			compatibilityVersion = "Xcode 3.2";
			developmentRegion = English;
			hasScannedForEncodings = 0;
			knownRegions = (
				en,
				Base,
			);
			mainGroup = 96DDBE5D1C4246DF00A752E6;
			productRefGroup = 96DDBE671C4246DF00A752E6 /* Products */;
			projectDirPath = "";
			projectRoot = "";
			targets = (
				96DDBE651C4246DF00A752E6 /* 4jchc-Extension */,
				96DDBE791C4246DF00A752E6 /* 4jchc-ExtensionTests */,
				96DDBE841C4246DF00A752E6 /* 4jchc-ExtensionUITests */,
			);
		};
/* End PBXProject section */

/* Begin PBXResourcesBuildPhase section */
		96DDBE641C4246DF00A752E6 /* Resources */ = {
			isa = PBXResourcesBuildPhase;
			buildActionMask = 2147483647;
			files = (
				96DDBE741C4246DF00A752E6 /* LaunchScreen.storyboard in Resources */,
				96DDBE711C4246DF00A752E6 /* Assets.xcassets in Resources */,
				96DDBE6F1C4246DF00A752E6 /* Main.storyboard in Resources */,
			);
			runOnlyForDeploymentPostprocessing = 0;
		};
		96DDBE781C4246DF00A752E6 /* Resources */ = {
			isa = PBXResourcesBuildPhase;
			buildActionMask = 2147483647;
			files = (
			);
			runOnlyForDeploymentPostprocessing = 0;
		};
		96DDBE831C4246DF00A752E6 /* Resources */ = {
			isa = PBXResourcesBuildPhase;
			buildActionMask = 2147483647;
			files = (
			);
			runOnlyForDeploymentPostprocessing = 0;
		};
/* End PBXResourcesBuildPhase section */

/* Begin PBXSourcesBuildPhase section */
		96DDBE621C4246DF00A752E6 /* Sources */ = {
			isa = PBXSourcesBuildPhase;
			buildActionMask = 2147483647;
			files = (
				968650AF1C4D32BE00A8D995 /* NSArray+Extension.swift in Sources */,
				96E19B451C4B9B0E00EDEC6C /* GCD.swift in Sources */,
				96E19B6E1C4B9B0E00EDEC6C /* UITableView +Extention.swift in Sources */,
				96E19B711C4B9B0E00EDEC6C /* UITextView+Extension.swift in Sources */,
				96E19B501C4B9B0E00EDEC6C /* NSLayoutConstraint+Extension.swift in Sources */,
				96DDBE6C1C4246DF00A752E6 /* ViewController.swift in Sources */,
				960FCF6A1C67320100997732 /* UICollectionView+Extension.swift in Sources */,
				96E19B521C4B9B0E00EDEC6C /* NSMutableAttributedString.swift in Sources */,
				96E19B751C4B9B0E00EDEC6C /* UIWindow +Extension.swift in Sources */,
				96624F2E1C5C841A00E673B5 /* CALayer.swift in Sources */,
				96C7B81F1C5B223F000A176C /* PopoverPresentationController.swift in Sources */,
				9657FE3D1C52354500EB1D1B /* SpriteKit+临时代码段.swift in Sources */,
				965947141C5CFFE000BE4617 /* CGGeometry几何类方法总结.swift in Sources */,
				96C7B8181C5B0C57000A176C /* TitleButton.swift in Sources */,
				96E19B541C4B9B0E00EDEC6C /* NSObject+Extension.swift in Sources */,
				96E19B551C4B9B0E00EDEC6C /* NSOperationQueue+Extension.swift in Sources */,
				96E19B511C4B9B0E00EDEC6C /* NSManagedObject.swift in Sources */,
				96E19B6B1C4B9B0E00EDEC6C /* UISegmentedControl+Extension.swift in Sources */,
				96E19B401C4B9B0E00EDEC6C /* ColorType.swift in Sources */,
				96E19B701C4B9B0E00EDEC6C /* UITextField+Extension.swift in Sources */,
				96C001BF1C72D3ED0014F47D /* XMGTabBar.swift in Sources */,
				96E19B411C4B9B0E00EDEC6C /* Dictionary +Extension.swift in Sources */,
				966A73A51C6AFBA500017907 /* UIScrollViewDelegate.swift in Sources */,
				96E19B631C4B9B0E00EDEC6C /* UIImage+Extension.swift in Sources */,
				96E19B4C1C4B9B0E00EDEC6C /* NSDate+Extension.swift in Sources */,
				96E19B671C4B9B0E00EDEC6C /* UIKit+Extension.swift in Sources */,
				96DDBE6A1C4246DF00A752E6 /* AppDelegate.swift in Sources */,
				968650A51C4CCB1900A8D995 /* SKTextureAtlas+Extension.swift in Sources */,
				96E19B3F1C4B9B0E00EDEC6C /* Array +Extension.swift in Sources */,
				96DDBED01C42478100A752E6 /* HMPresentationController.swift in Sources */,
				96E19B611C4B9B0E00EDEC6C /* UIColor+Extension.swift in Sources */,
				96E19B5D1C4B9B0E00EDEC6C /* UIApplication +Extension.swift in Sources */,
				96E19B691C4B9B0E00EDEC6C /* UINib+Extension.swift in Sources */,
				96E19B721C4B9B0E00EDEC6C /* UIView+AutoLayout.swift in Sources */,
				966E2F6B1C6DAA89009B36A6 /* NSIndexPath+Extension.swift in Sources */,
				96E19B821C4B9B3D00EDEC6C /* SKTAudioExtension.swift in Sources */,
				96E19B471C4B9B0E00EDEC6C /* NSBlockOperation.swift in Sources */,
				96B9D17C1C5B41A40037F52B /* Animation.swift in Sources */,
				96E19B5C1C4B9B0E00EDEC6C /* UIAlertController+Extension.swift in Sources */,
				9686503F1C4C910F00A8D995 /* SKSpriteNode+Extension.swift in Sources */,
				96E19B6C1C4B9B0E00EDEC6C /* UIStoryboard.swift in Sources */,
				96E19B481C4B9B0E00EDEC6C /* NSBundle+Extension.swift in Sources */,
				96E19B681C4B9B0E00EDEC6C /* UILabel +Extension.swift in Sources */,
				96E19B4D1C4B9B0E00EDEC6C /* NSDateFormatter.swift in Sources */,
				96DDBED11C42478100A752E6 /* HMTransition.swift in Sources */,
				96E19B421C4B9B0E00EDEC6C /* Double+Extension.swift in Sources */,
				96E19B6D1C4B9B0E00EDEC6C /* UITabBarController+UITabBar.swift in Sources */,
				96E19B801C4B9B3D00EDEC6C /* SKProduct+Extension.swift in Sources */,
				96B7AA911C7EC958007AC158 /* 第三方框架总结.swift in Sources */,
				96E19B4E1C4B9B0E00EDEC6C /* NSDictionary +Extension.swift in Sources */,
				968650411C4C9AC100A8D995 /* NSError+Extension.swift in Sources */,
				96E19B581C4B9B0E00EDEC6C /* NSTimer +Extension.swift in Sources */,
				96E19B741C4B9B0E00EDEC6C /* UIViewController +Extension.swift in Sources */,
				96C001C11C72D4560014F47D /* XMGTabBarController.swift in Sources */,
				96E19B731C4B9B0E00EDEC6C /* UIView+Extension.swift in Sources */,
				96E19B621C4B9B0E00EDEC6C /* UIDevice+Extension.swift in Sources */,
				96E19B7E1C4B9B3D00EDEC6C /* SKAction+Extension.swift in Sources */,
				96E19B6A1C4B9B0E00EDEC6C /* UIScreen+Extension.swift in Sources */,
				96E19B491C4B9B0E00EDEC6C /* NSCache +Extension.swift in Sources */,
				96DDBECD1C42478100A752E6 /* HttpTool.m in Sources */,
				96E19B531C4B9B0E00EDEC6C /* NSObject +Extension.swift in Sources */,
				96E19B7F1C4B9B3D00EDEC6C /* SKNode+Extension.swift in Sources */,
				96E19B561C4B9B0E00EDEC6C /* NSString+Emoji+Extension.swift in Sources */,
				96C001BD1C72C41B0014F47D /* UINavigationController.swift in Sources */,
				962F78A51C6F385A00EE6B83 /* HMSearchBar.swift in Sources */,
				96E19B831C4B9B3D00EDEC6C /* SKTEffectExtension.swift in Sources */,
				96E19B5F1C4B9B0E00EDEC6C /* UIButton+Extention.swift in Sources */,
				96E19B651C4B9B0E00EDEC6C /* UIImageView +Extension.swift in Sources */,
				96E19B4B1C4B9B0E00EDEC6C /* NSData+Extension.swift in Sources */,
				96DDBECF1C42478100A752E6 /* HMAnimatedTransitioning.swift in Sources */,
				96E19B661C4B9B0E00EDEC6C /* UIImageView+SDWebImage.swift in Sources */,
				96E19B5A1C4B9B0E00EDEC6C /* String+Extension.swift in Sources */,
				96E19B5E1C4B9B0E00EDEC6C /* UIBarButtonItem+Extension.swift in Sources */,
				96E19B6F1C4B9B0E00EDEC6C /* UITableViewCell +Extention.swift in Sources */,
				9676E7D51C4685B20003E61E /* Gcd.swift in Sources */,
				96E19B431C4B9B0E00EDEC6C /* Foundation.swift in Sources */,
				96E19B841C4B9B3D00EDEC6C /* SKTexture+Extension.swift in Sources */,
				96E19B591C4B9B0E00EDEC6C /* NSURL+Extension.swift in Sources */,
				96E19B4A1C4B9B0E00EDEC6C /* NSCalendar.swift in Sources */,
				96E19B441C4B9B0E00EDEC6C /* Frame+Extension.swift in Sources */,
				96E19B811C4B9B3D00EDEC6C /* SKScene+Extension.swift in Sources */,
				96E19B571C4B9B0E00EDEC6C /* NSString-Size+Extension.swift in Sources */,
				968650A21C4CB91800A8D995 /* 常量.swift in Sources */,
				96E19B4F1C4B9B0E00EDEC6C /* NSFileManager+Extension.swift in Sources */,
			);
			runOnlyForDeploymentPostprocessing = 0;
		};
		96DDBE761C4246DF00A752E6 /* Sources */ = {
			isa = PBXSourcesBuildPhase;
			buildActionMask = 2147483647;
			files = (
				96DDBE7F1C4246DF00A752E6 /* _jchc_ExtensionTests.swift in Sources */,
			);
			runOnlyForDeploymentPostprocessing = 0;
		};
		96DDBE811C4246DF00A752E6 /* Sources */ = {
			isa = PBXSourcesBuildPhase;
			buildActionMask = 2147483647;
			files = (
				96DDBE8A1C4246DF00A752E6 /* _jchc_ExtensionUITests.swift in Sources */,
			);
			runOnlyForDeploymentPostprocessing = 0;
		};
/* End PBXSourcesBuildPhase section */

/* Begin PBXTargetDependency section */
		96DDBE7C1C4246DF00A752E6 /* PBXTargetDependency */ = {
			isa = PBXTargetDependency;
			target = 96DDBE651C4246DF00A752E6 /* 4jchc-Extension */;
			targetProxy = 96DDBE7B1C4246DF00A752E6 /* PBXContainerItemProxy */;
		};
		96DDBE871C4246DF00A752E6 /* PBXTargetDependency */ = {
			isa = PBXTargetDependency;
			target = 96DDBE651C4246DF00A752E6 /* 4jchc-Extension */;
			targetProxy = 96DDBE861C4246DF00A752E6 /* PBXContainerItemProxy */;
		};
/* End PBXTargetDependency section */

/* Begin PBXVariantGroup section */
		96DDBE6D1C4246DF00A752E6 /* Main.storyboard */ = {
			isa = PBXVariantGroup;
			children = (
				96DDBE6E1C4246DF00A752E6 /* Base */,
			);
			name = Main.storyboard;
			sourceTree = "<group>";
		};
		96DDBE721C4246DF00A752E6 /* LaunchScreen.storyboard */ = {
			isa = PBXVariantGroup;
			children = (
				96DDBE731C4246DF00A752E6 /* Base */,
			);
			name = LaunchScreen.storyboard;
			sourceTree = "<group>";
		};
/* End PBXVariantGroup section */

/* Begin XCBuildConfiguration section */
		96DDBE8C1C4246DF00A752E6 /* Debug */ = {
			isa = XCBuildConfiguration;
			buildSettings = {
				ALWAYS_SEARCH_USER_PATHS = NO;
				CLANG_CXX_LANGUAGE_STANDARD = "gnu++0x";
				CLANG_CXX_LIBRARY = "libc++";
				CLANG_ENABLE_MODULES = YES;
				CLANG_ENABLE_OBJC_ARC = YES;
				CLANG_WARN_BOOL_CONVERSION = YES;
				CLANG_WARN_CONSTANT_CONVERSION = YES;
				CLANG_WARN_DIRECT_OBJC_ISA_USAGE = YES_ERROR;
				CLANG_WARN_EMPTY_BODY = YES;
				CLANG_WARN_ENUM_CONVERSION = YES;
				CLANG_WARN_INT_CONVERSION = YES;
				CLANG_WARN_OBJC_ROOT_CLASS = YES_ERROR;
				CLANG_WARN_UNREACHABLE_CODE = YES;
				CLANG_WARN__DUPLICATE_METHOD_MATCH = YES;
				"CODE_SIGN_IDENTITY[sdk=iphoneos*]" = "iPhone Developer";
				COPY_PHASE_STRIP = NO;
				DEBUG_INFORMATION_FORMAT = dwarf;
				ENABLE_STRICT_OBJC_MSGSEND = YES;
				ENABLE_TESTABILITY = YES;
				GCC_C_LANGUAGE_STANDARD = gnu99;
				GCC_DYNAMIC_NO_PIC = NO;
				GCC_NO_COMMON_BLOCKS = YES;
				GCC_OPTIMIZATION_LEVEL = 0;
				GCC_PREPROCESSOR_DEFINITIONS = (
					"DEBUG=1",
					"$(inherited)",
				);
				GCC_WARN_64_TO_32_BIT_CONVERSION = YES;
				GCC_WARN_ABOUT_RETURN_TYPE = YES_ERROR;
				GCC_WARN_UNDECLARED_SELECTOR = YES;
				GCC_WARN_UNINITIALIZED_AUTOS = YES_AGGRESSIVE;
				GCC_WARN_UNUSED_FUNCTION = YES;
				GCC_WARN_UNUSED_VARIABLE = YES;
				IPHONEOS_DEPLOYMENT_TARGET = 9.2;
				MTL_ENABLE_DEBUG_INFO = YES;
				ONLY_ACTIVE_ARCH = YES;
				SDKROOT = iphoneos;
				SWIFT_OPTIMIZATION_LEVEL = "-Onone";
				TARGETED_DEVICE_FAMILY = "1,2";
			};
			name = Debug;
		};
		96DDBE8D1C4246DF00A752E6 /* Release */ = {
			isa = XCBuildConfiguration;
			buildSettings = {
				ALWAYS_SEARCH_USER_PATHS = NO;
				CLANG_CXX_LANGUAGE_STANDARD = "gnu++0x";
				CLANG_CXX_LIBRARY = "libc++";
				CLANG_ENABLE_MODULES = YES;
				CLANG_ENABLE_OBJC_ARC = YES;
				CLANG_WARN_BOOL_CONVERSION = YES;
				CLANG_WARN_CONSTANT_CONVERSION = YES;
				CLANG_WARN_DIRECT_OBJC_ISA_USAGE = YES_ERROR;
				CLANG_WARN_EMPTY_BODY = YES;
				CLANG_WARN_ENUM_CONVERSION = YES;
				CLANG_WARN_INT_CONVERSION = YES;
				CLANG_WARN_OBJC_ROOT_CLASS = YES_ERROR;
				CLANG_WARN_UNREACHABLE_CODE = YES;
				CLANG_WARN__DUPLICATE_METHOD_MATCH = YES;
				"CODE_SIGN_IDENTITY[sdk=iphoneos*]" = "iPhone Developer";
				COPY_PHASE_STRIP = NO;
				DEBUG_INFORMATION_FORMAT = "dwarf-with-dsym";
				ENABLE_NS_ASSERTIONS = NO;
				ENABLE_STRICT_OBJC_MSGSEND = YES;
				GCC_C_LANGUAGE_STANDARD = gnu99;
				GCC_NO_COMMON_BLOCKS = YES;
				GCC_WARN_64_TO_32_BIT_CONVERSION = YES;
				GCC_WARN_ABOUT_RETURN_TYPE = YES_ERROR;
				GCC_WARN_UNDECLARED_SELECTOR = YES;
				GCC_WARN_UNINITIALIZED_AUTOS = YES_AGGRESSIVE;
				GCC_WARN_UNUSED_FUNCTION = YES;
				GCC_WARN_UNUSED_VARIABLE = YES;
				IPHONEOS_DEPLOYMENT_TARGET = 9.2;
				MTL_ENABLE_DEBUG_INFO = NO;
				SDKROOT = iphoneos;
				TARGETED_DEVICE_FAMILY = "1,2";
				VALIDATE_PRODUCT = YES;
			};
			name = Release;
		};
		96DDBE8F1C4246DF00A752E6 /* Debug */ = {
			isa = XCBuildConfiguration;
			buildSettings = {
				ASSETCATALOG_COMPILER_APPICON_NAME = AppIcon;
				INFOPLIST_FILE = "4jchc-Extension/Info.plist";
				IPHONEOS_DEPLOYMENT_TARGET = 9.0;
				LD_RUNPATH_SEARCH_PATHS = "$(inherited) @executable_path/Frameworks";
				OTHER_SWIFT_FLAGS = "-D DEBUG";
				PRODUCT_BUNDLE_IDENTIFIER = "swift.-jchc-Extension";
				PRODUCT_NAME = "$(TARGET_NAME)";
			};
			name = Debug;
		};
		96DDBE901C4246DF00A752E6 /* Release */ = {
			isa = XCBuildConfiguration;
			buildSettings = {
				ASSETCATALOG_COMPILER_APPICON_NAME = AppIcon;
				INFOPLIST_FILE = "4jchc-Extension/Info.plist";
				IPHONEOS_DEPLOYMENT_TARGET = 9.0;
				LD_RUNPATH_SEARCH_PATHS = "$(inherited) @executable_path/Frameworks";
				OTHER_SWIFT_FLAGS = "";
				PRODUCT_BUNDLE_IDENTIFIER = "swift.-jchc-Extension";
				PRODUCT_NAME = "$(TARGET_NAME)";
			};
			name = Release;
		};
		96DDBE921C4246DF00A752E6 /* Debug */ = {
			isa = XCBuildConfiguration;
			buildSettings = {
				BUNDLE_LOADER = "$(TEST_HOST)";
				INFOPLIST_FILE = "4jchc-ExtensionTests/Info.plist";
				LD_RUNPATH_SEARCH_PATHS = "$(inherited) @executable_path/Frameworks @loader_path/Frameworks";
				PRODUCT_BUNDLE_IDENTIFIER = "swift.-jchc-ExtensionTests";
				PRODUCT_NAME = "$(TARGET_NAME)";
				TEST_HOST = "$(BUILT_PRODUCTS_DIR)/4jchc-Extension.app/4jchc-Extension";
			};
			name = Debug;
		};
		96DDBE931C4246DF00A752E6 /* Release */ = {
			isa = XCBuildConfiguration;
			buildSettings = {
				BUNDLE_LOADER = "$(TEST_HOST)";
				INFOPLIST_FILE = "4jchc-ExtensionTests/Info.plist";
				LD_RUNPATH_SEARCH_PATHS = "$(inherited) @executable_path/Frameworks @loader_path/Frameworks";
				PRODUCT_BUNDLE_IDENTIFIER = "swift.-jchc-ExtensionTests";
				PRODUCT_NAME = "$(TARGET_NAME)";
				TEST_HOST = "$(BUILT_PRODUCTS_DIR)/4jchc-Extension.app/4jchc-Extension";
			};
			name = Release;
		};
		96DDBE951C4246DF00A752E6 /* Debug */ = {
			isa = XCBuildConfiguration;
			buildSettings = {
				INFOPLIST_FILE = "4jchc-ExtensionUITests/Info.plist";
				LD_RUNPATH_SEARCH_PATHS = "$(inherited) @executable_path/Frameworks @loader_path/Frameworks";
				PRODUCT_BUNDLE_IDENTIFIER = "swift.-jchc-ExtensionUITests";
				PRODUCT_NAME = "$(TARGET_NAME)";
				TEST_TARGET_NAME = "4jchc-Extension";
				USES_XCTRUNNER = YES;
			};
			name = Debug;
		};
		96DDBE961C4246DF00A752E6 /* Release */ = {
			isa = XCBuildConfiguration;
			buildSettings = {
				INFOPLIST_FILE = "4jchc-ExtensionUITests/Info.plist";
				LD_RUNPATH_SEARCH_PATHS = "$(inherited) @executable_path/Frameworks @loader_path/Frameworks";
				PRODUCT_BUNDLE_IDENTIFIER = "swift.-jchc-ExtensionUITests";
				PRODUCT_NAME = "$(TARGET_NAME)";
				TEST_TARGET_NAME = "4jchc-Extension";
				USES_XCTRUNNER = YES;
			};
			name = Release;
		};
/* End XCBuildConfiguration section */

/* Begin XCConfigurationList section */
		96DDBE611C4246DF00A752E6 /* Build configuration list for PBXProject "4jchc-Extension" */ = {
			isa = XCConfigurationList;
			buildConfigurations = (
				96DDBE8C1C4246DF00A752E6 /* Debug */,
				96DDBE8D1C4246DF00A752E6 /* Release */,
			);
			defaultConfigurationIsVisible = 0;
			defaultConfigurationName = Release;
		};
		96DDBE8E1C4246DF00A752E6 /* Build configuration list for PBXNativeTarget "4jchc-Extension" */ = {
			isa = XCConfigurationList;
			buildConfigurations = (
				96DDBE8F1C4246DF00A752E6 /* Debug */,
				96DDBE901C4246DF00A752E6 /* Release */,
			);
			defaultConfigurationIsVisible = 0;
			defaultConfigurationName = Release;
		};
		96DDBE911C4246DF00A752E6 /* Build configuration list for PBXNativeTarget "4jchc-ExtensionTests" */ = {
			isa = XCConfigurationList;
			buildConfigurations = (
				96DDBE921C4246DF00A752E6 /* Debug */,
				96DDBE931C4246DF00A752E6 /* Release */,
			);
			defaultConfigurationIsVisible = 0;
			defaultConfigurationName = Release;
		};
		96DDBE941C4246DF00A752E6 /* Build configuration list for PBXNativeTarget "4jchc-ExtensionUITests" */ = {
			isa = XCConfigurationList;
			buildConfigurations = (
				96DDBE951C4246DF00A752E6 /* Debug */,
				96DDBE961C4246DF00A752E6 /* Release */,
			);
			defaultConfigurationIsVisible = 0;
			defaultConfigurationName = Release;
		};
/* End XCConfigurationList section */
	};
	rootObject = 96DDBE5E1C4246DF00A752E6 /* Project object */;
}
